// !$*UTF8*$!
{
	archiveVersion = 1;
	classes = {
	};
	objectVersion = 51;
	objects = {

/* Begin PBXBuildFile section */
		20620848E8660E7EF795D541 /* Pods_jianzhiappTests.framework in Frameworks */ = {isa = PBXBuildFile; fileRef = 8BC340858FF84B3042309FA7 /* Pods_jianzhiappTests.framework */; };
		517AA5F79CF8F9F0B3B238BC /* Pods_jianzhiapp.framework in Frameworks */ = {isa = PBXBuildFile; fileRef = EC1D78CF00FB550CCF367061 /* Pods_jianzhiapp.framework */; };
		DA90E1887270FAA7DC97732A /* Pods_jianzhiapp_jianzhiappUITests.framework in Frameworks */ = {isa = PBXBuildFile; fileRef = 3E554BAD9A1C3A1BDF9858F6 /* Pods_jianzhiapp_jianzhiappUITests.framework */; };
		DE0569872498A37C004F2D7B /* dfg.png in Resources */ = {isa = PBXBuildFile; fileRef = DE0569862498A37C004F2D7B /* dfg.png */; };
		DE3280EB247C321000C3FA3E /* MeViewController.swift in Sources */ = {isa = PBXBuildFile; fileRef = DE3280EA247C321000C3FA3E /* MeViewController.swift */; };
		DE3280ED247C375B00C3FA3E /* XiaoxiViewController.swift in Sources */ = {isa = PBXBuildFile; fileRef = DE3280EC247C375B00C3FA3E /* XiaoxiViewController.swift */; };
		DE38424C2476B6270015884F /* Live.storyboard in Resources */ = {isa = PBXBuildFile; fileRef = DE38424B2476B6270015884F /* Live.storyboard */; };
		DE38424E2476B6350015884F /* Home.storyboard in Resources */ = {isa = PBXBuildFile; fileRef = DE38424D2476B6350015884F /* Home.storyboard */; };
		DE38425E2476BD800015884F /* HomeViewController.swift in Sources */ = {isa = PBXBuildFile; fileRef = DE38425D2476BD800015884F /* HomeViewController.swift */; };
		DE3842602476C4E40015884F /* UIBarButtonItem-Extension.swift in Sources */ = {isa = PBXBuildFile; fileRef = DE38425F2476C4E40015884F /* UIBarButtonItem-Extension.swift */; };
		DE3842652476C9510015884F /* PageTitleView.swift in Sources */ = {isa = PBXBuildFile; fileRef = DE3842642476C9500015884F /* PageTitleView.swift */; };
		DE3842672476CA310015884F /* Common.swift in Sources */ = {isa = PBXBuildFile; fileRef = DE3842662476CA310015884F /* Common.swift */; };
		DE3842692476E0D10015884F /* UIColor-Extension.swift in Sources */ = {isa = PBXBuildFile; fileRef = DE3842682476E0D10015884F /* UIColor-Extension.swift */; };
		DE390C92248D1A6200453F6F /* LICENSE in Resources */ = {isa = PBXBuildFile; fileRef = DE390C7F248D1A6200453F6F /* LICENSE */; };
		DE390C93248D1A6200453F6F /* README.md in Resources */ = {isa = PBXBuildFile; fileRef = DE390C80248D1A6200453F6F /* README.md */; };
		DE390C94248D1A6200453F6F /* GTMRefreshConstant.swift in Sources */ = {isa = PBXBuildFile; fileRef = DE390C82248D1A6200453F6F /* GTMRefreshConstant.swift */; };
		DE390C95248D1A6200453F6F /* DefaultGTMLoadMoreFooter.swift in Sources */ = {isa = PBXBuildFile; fileRef = DE390C83248D1A6200453F6F /* DefaultGTMLoadMoreFooter.swift */; };
		DE390C96248D1A6200453F6F /* DefaultGTMRefreshHeader.swift in Sources */ = {isa = PBXBuildFile; fileRef = DE390C84248D1A6200453F6F /* DefaultGTMRefreshHeader.swift */; };
		DE390C97248D1A6200453F6F /* GTMLoadMoreFooter.swift in Sources */ = {isa = PBXBuildFile; fileRef = DE390C85248D1A6200453F6F /* GTMLoadMoreFooter.swift */; };
		DE390C98248D1A6200453F6F /* GTMRefreshHeader.swift in Sources */ = {isa = PBXBuildFile; fileRef = DE390C86248D1A6200453F6F /* GTMRefreshHeader.swift */; };
		DE390C99248D1A6200453F6F /* GTMRefreshStyle.swift in Sources */ = {isa = PBXBuildFile; fileRef = DE390C87248D1A6200453F6F /* GTMRefreshStyle.swift */; };
		DE390C9A248D1A6200453F6F /* GTMRefreshComponent.swift in Sources */ = {isa = PBXBuildFile; fileRef = DE390C88248D1A6200453F6F /* GTMRefreshComponent.swift */; };
		DE390C9B248D1A6200453F6F /* arrow_down@3x.png in Resources */ = {isa = PBXBuildFile; fileRef = DE390C8A248D1A6200453F6F /* arrow_down@3x.png */; };
		DE390C9C248D1A6200453F6F /* Localize.strings in Resources */ = {isa = PBXBuildFile; fileRef = DE390C8B248D1A6200453F6F /* Localize.strings */; };
		DE390C9D248D1A6200453F6F /* success@3x.png in Resources */ = {isa = PBXBuildFile; fileRef = DE390C8E248D1A6200453F6F /* success@3x.png */; };
		DE390C9E248D1A6200453F6F /* failure@3x.png in Resources */ = {isa = PBXBuildFile; fileRef = DE390C90248D1A6200453F6F /* failure@3x.png */; };
		DE390C9F248D1A6200453F6F /* GTMRefreshExtension.swift in Sources */ = {isa = PBXBuildFile; fileRef = DE390C91248D1A6200453F6F /* GTMRefreshExtension.swift */; };
		DE390CA2248D341700453F6F /* RecomendViewModel.swift in Sources */ = {isa = PBXBuildFile; fileRef = DE390CA1248D341700453F6F /* RecomendViewModel.swift */; };
		DE390CA4248D429500453F6F /* AnchorGroup.swift in Sources */ = {isa = PBXBuildFile; fileRef = DE390CA3248D429500453F6F /* AnchorGroup.swift */; };
		DE390CA6248D482600453F6F /* AnchorModel.swift in Sources */ = {isa = PBXBuildFile; fileRef = DE390CA5248D482600453F6F /* AnchorModel.swift */; };
		DE5460ED2481FCA900FFFC4E /* MeNavgatViewController.swift in Sources */ = {isa = PBXBuildFile; fileRef = DE5460EC2481FCA900FFFC4E /* MeNavgatViewController.swift */; };
		DE5460F324821B9D00FFFC4E /* Follow.storyboard in Resources */ = {isa = PBXBuildFile; fileRef = DE5460F224821B9D00FFFC4E /* Follow.storyboard */; };
		DE5460F524821DB300FFFC4E /* CustomBtn.swift in Sources */ = {isa = PBXBuildFile; fileRef = DE5460F424821DB300FFFC4E /* CustomBtn.swift */; };
		DE5460F7248239CA00FFFC4E /* Eextension.swift in Sources */ = {isa = PBXBuildFile; fileRef = DE5460F6248239CA00FFFC4E /* Eextension.swift */; };
		DE5460FA2482A05800FFFC4E /* RegisteredViewController.swift in Sources */ = {isa = PBXBuildFile; fileRef = DE5460F82482A05800FFFC4E /* RegisteredViewController.swift */; };
		DE5460FB2482A05800FFFC4E /* RegisteredViewController.xib in Resources */ = {isa = PBXBuildFile; fileRef = DE5460F92482A05800FFFC4E /* RegisteredViewController.xib */; };
		DE5C099124868B3B00D67DC5 /* Uiview.swift in Sources */ = {isa = PBXBuildFile; fileRef = DE5C099024868B3B00D67DC5 /* Uiview.swift */; };
		DE73FDF424BDF59900E9550C /* CollectionxiangqingViewCell.swift in Sources */ = {isa = PBXBuildFile; fileRef = DE73FDF224BDF59900E9550C /* CollectionxiangqingViewCell.swift */; };
		DE73FDF524BDF59900E9550C /* CollectionxiangqingViewCell.xib in Resources */ = {isa = PBXBuildFile; fileRef = DE73FDF324BDF59900E9550C /* CollectionxiangqingViewCell.xib */; };
		DE750897249297D5001EC6E1 /* CBToast.swift in Sources */ = {isa = PBXBuildFile; fileRef = DE750896249297D5001EC6E1 /* CBToast.swift */; };
		DE797320248A9A99009F934C /* WuzhuangtaiViewController.swift in Sources */ = {isa = PBXBuildFile; fileRef = DE79731F248A9A99009F934C /* WuzhuangtaiViewController.swift */; };
		DE855A0B247EBC6200853502 /* CollectionMeCell.swift in Sources */ = {isa = PBXBuildFile; fileRef = DE855A09247EBC6200853502 /* CollectionMeCell.swift */; };
		DE855A0C247EBC6200853502 /* CollectionMeCell.xib in Resources */ = {isa = PBXBuildFile; fileRef = DE855A0A247EBC6200853502 /* CollectionMeCell.xib */; };
		DE855A0F247EC41000853502 /* CollectionGRViewCell.swift in Sources */ = {isa = PBXBuildFile; fileRef = DE855A0D247EC41000853502 /* CollectionGRViewCell.swift */; };
		DE855A10247EC41000853502 /* CollectionGRViewCell.xib in Resources */ = {isa = PBXBuildFile; fileRef = DE855A0E247EC41000853502 /* CollectionGRViewCell.xib */; };
		DE9003DD24B38E4600EC6E26 /* FangzhapianViewController.swift in Sources */ = {isa = PBXBuildFile; fileRef = DE9003DC24B38E4600EC6E26 /* FangzhapianViewController.swift */; };
		DE9003E124B392F500EC6E26 /* bg.png in Resources */ = {isa = PBXBuildFile; fileRef = DE9003DE24B392F300EC6E26 /* bg.png */; };
		DE9003E224B392F500EC6E26 /* icon@2x.png in Resources */ = {isa = PBXBuildFile; fileRef = DE9003DF24B392F400EC6E26 /* icon@2x.png */; };
		DE9003E324B392F500EC6E26 /* logo@2x.png in Resources */ = {isa = PBXBuildFile; fileRef = DE9003E024B392F500EC6E26 /* logo@2x.png */; };
		DE999FA02483E7000020AB1F /* CityViewController.swift in Sources */ = {isa = PBXBuildFile; fileRef = DE999F9F2483E7000020AB1F /* CityViewController.swift */; };
		DE999FA92483EC870020AB1F /* CollectionCityHeaderView.swift in Sources */ = {isa = PBXBuildFile; fileRef = DE999FA72483EC870020AB1F /* CollectionCityHeaderView.swift */; };
		DE999FAA2483EC870020AB1F /* CollectionCityHeaderView.xib in Resources */ = {isa = PBXBuildFile; fileRef = DE999FA82483EC870020AB1F /* CollectionCityHeaderView.xib */; };
		DE999FAD2483EF220020AB1F /* CollectionCityCell.swift in Sources */ = {isa = PBXBuildFile; fileRef = DE999FAB2483EF220020AB1F /* CollectionCityCell.swift */; };
		DE999FAE2483EF220020AB1F /* CollectionCityCell.xib in Resources */ = {isa = PBXBuildFile; fileRef = DE999FAC2483EF220020AB1F /* CollectionCityCell.xib */; };
		DE999FB024840FAD0020AB1F /* CityString.swift in Sources */ = {isa = PBXBuildFile; fileRef = DE999FAF24840FAD0020AB1F /* CityString.swift */; };
		DE99F0E02478162200948372 /* PageContentView.swift in Sources */ = {isa = PBXBuildFile; fileRef = DE99F0DF2478162100948372 /* PageContentView.swift */; };
		DE99F0E424782A7000948372 /* RecommendViewController.swift in Sources */ = {isa = PBXBuildFile; fileRef = DE99F0E324782A7000948372 /* RecommendViewController.swift */; };
		DEA4DF2E247ABEDB00A72943 /* CollectionXinagJCell.swift in Sources */ = {isa = PBXBuildFile; fileRef = DEA4DF2C247ABEDB00A72943 /* CollectionXinagJCell.swift */; };
		DEA4DF2F247ABEDB00A72943 /* CollectionXinagJCell.xib in Resources */ = {isa = PBXBuildFile; fileRef = DEA4DF2D247ABEDB00A72943 /* CollectionXinagJCell.xib */; };
		DEA4DF32247ABF0200A72943 /* CollectionXinagZWCell.swift in Sources */ = {isa = PBXBuildFile; fileRef = DEA4DF30247ABF0200A72943 /* CollectionXinagZWCell.swift */; };
		DEA4DF33247ABF0200A72943 /* CollectionXinagZWCell.xib in Resources */ = {isa = PBXBuildFile; fileRef = DEA4DF31247ABF0200A72943 /* CollectionXinagZWCell.xib */; };
		DEA6CA052480C89F00D67CA0 /* LigonViewController.swift in Sources */ = {isa = PBXBuildFile; fileRef = DEA6CA032480C89F00D67CA0 /* LigonViewController.swift */; };
		DEA6CA062480C89F00D67CA0 /* LigonViewController.xib in Resources */ = {isa = PBXBuildFile; fileRef = DEA6CA042480C89F00D67CA0 /* LigonViewController.xib */; };
		DEABF2D0247432D300BDD0BE /* AppDelegate.swift in Sources */ = {isa = PBXBuildFile; fileRef = DEABF2CF247432D300BDD0BE /* AppDelegate.swift */; };
		DEABF2D2247432D300BDD0BE /* SceneDelegate.swift in Sources */ = {isa = PBXBuildFile; fileRef = DEABF2D1247432D300BDD0BE /* SceneDelegate.swift */; };
		DEABF2D4247432D300BDD0BE /* ViewController.swift in Sources */ = {isa = PBXBuildFile; fileRef = DEABF2D3247432D300BDD0BE /* ViewController.swift */; };
		DEABF2D7247432D300BDD0BE /* Main.storyboard in Resources */ = {isa = PBXBuildFile; fileRef = DEABF2D5247432D300BDD0BE /* Main.storyboard */; };
		DEABF2D9247432D500BDD0BE /* Assets.xcassets in Resources */ = {isa = PBXBuildFile; fileRef = DEABF2D8247432D500BDD0BE /* Assets.xcassets */; };
		DEABF2DC247432D500BDD0BE /* LaunchScreen.storyboard in Resources */ = {isa = PBXBuildFile; fileRef = DEABF2DA247432D500BDD0BE /* LaunchScreen.storyboard */; };
		DEABF2E7247432D500BDD0BE /* jianzhiappTests.swift in Sources */ = {isa = PBXBuildFile; fileRef = DEABF2E6247432D500BDD0BE /* jianzhiappTests.swift */; };
		DEABF2F2247432D500BDD0BE /* jianzhiappUITests.swift in Sources */ = {isa = PBXBuildFile; fileRef = DEABF2F1247432D500BDD0BE /* jianzhiappUITests.swift */; };
		DEABF3192474405D00BDD0BE /* BmobSDK.framework in Frameworks */ = {isa = PBXBuildFile; fileRef = DEABF3182474405D00BDD0BE /* BmobSDK.framework */; };
		DEABF31F2474418000BDD0BE /* libz.1.2.5.tbd in Frameworks */ = {isa = PBXBuildFile; fileRef = DEABF31E2474418000BDD0BE /* libz.1.2.5.tbd */; };
		DEABF3212474418E00BDD0BE /* libc++.tbd in Frameworks */ = {isa = PBXBuildFile; fileRef = DEABF3202474418E00BDD0BE /* libc++.tbd */; };
		DEABF3232474419B00BDD0BE /* libsqlite3.tbd in Frameworks */ = {isa = PBXBuildFile; fileRef = DEABF3222474419B00BDD0BE /* libsqlite3.tbd */; };
		DEABF325247441AA00BDD0BE /* libicucore.tbd in Frameworks */ = {isa = PBXBuildFile; fileRef = DEABF324247441AA00BDD0BE /* libicucore.tbd */; };
		DEABF327247441B200BDD0BE /* SystemConfiguration.framework in Frameworks */ = {isa = PBXBuildFile; fileRef = DEABF326247441B200BDD0BE /* SystemConfiguration.framework */; };
		DEABF329247441C000BDD0BE /* AVFoundation.framework in Frameworks */ = {isa = PBXBuildFile; fileRef = DEABF328247441C000BDD0BE /* AVFoundation.framework */; };
		DEABF32B247441C700BDD0BE /* Foundation.framework in Frameworks */ = {isa = PBXBuildFile; fileRef = DEABF32A247441C700BDD0BE /* Foundation.framework */; };
		DEABF32D247441CD00BDD0BE /* Security.framework in Frameworks */ = {isa = PBXBuildFile; fileRef = DEABF32C247441CD00BDD0BE /* Security.framework */; };
		DEABF32F247441DA00BDD0BE /* CFNetwork.framework in Frameworks */ = {isa = PBXBuildFile; fileRef = DEABF32E247441DA00BDD0BE /* CFNetwork.framework */; };
		DEABF331247441EE00BDD0BE /* CoreLocation.framework in Frameworks */ = {isa = PBXBuildFile; fileRef = DEABF330247441EE00BDD0BE /* CoreLocation.framework */; };
		DEABF333247441F500BDD0BE /* CoreTelephony.framework in Frameworks */ = {isa = PBXBuildFile; fileRef = DEABF332247441F500BDD0BE /* CoreTelephony.framework */; };
		DEABF335247441FE00BDD0BE /* CoreGraphics.framework in Frameworks */ = {isa = PBXBuildFile; fileRef = DEABF334247441FD00BDD0BE /* CoreGraphics.framework */; };
		DEABF3372474420700BDD0BE /* MediaPlayer.framework in Frameworks */ = {isa = PBXBuildFile; fileRef = DEABF3362474420700BDD0BE /* MediaPlayer.framework */; };
		DEABF33B2474424C00BDD0BE /* Photos.framework in Frameworks */ = {isa = PBXBuildFile; fileRef = DEABF33A2474424C00BDD0BE /* Photos.framework */; };
		DEBFA9C024893C09008195E5 /* GuanYuWoMenViewController.swift in Sources */ = {isa = PBXBuildFile; fileRef = DEBFA9BE24893C09008195E5 /* GuanYuWoMenViewController.swift */; };
		DEBFA9C124893C09008195E5 /* GuanYuWoMenViewController.xib in Resources */ = {isa = PBXBuildFile; fileRef = DEBFA9BF24893C09008195E5 /* GuanYuWoMenViewController.xib */; };
		DEBFA9C624893F31008195E5 /* SheZhiViewController.swift in Sources */ = {isa = PBXBuildFile; fileRef = DEBFA9C424893F31008195E5 /* SheZhiViewController.swift */; };
		DEBFA9C724893F31008195E5 /* SheZhiViewController.xib in Resources */ = {isa = PBXBuildFile; fileRef = DEBFA9C524893F31008195E5 /* SheZhiViewController.xib */; };
		DEBFA9CA24893F4F008195E5 /* XiaoXiViewController.swift in Sources */ = {isa = PBXBuildFile; fileRef = DEBFA9C824893F4F008195E5 /* XiaoXiViewController.swift */; };
		DEBFA9CB24893F4F008195E5 /* XiaoXiViewController.xib in Resources */ = {isa = PBXBuildFile; fileRef = DEBFA9C924893F4F008195E5 /* XiaoXiViewController.xib */; };
		DEBFA9CE248949D9008195E5 /* UsernameViewController.swift in Sources */ = {isa = PBXBuildFile; fileRef = DEBFA9CD248949D9008195E5 /* UsernameViewController.swift */; };
		DEBFA9D0248949F6008195E5 /* AdvantageViewController.swift in Sources */ = {isa = PBXBuildFile; fileRef = DEBFA9CF248949F6008195E5 /* AdvantageViewController.swift */; };
		DEBFA9D424894A35008195E5 /* SexViewController.swift in Sources */ = {isa = PBXBuildFile; fileRef = DEBFA9D324894A35008195E5 /* SexViewController.swift */; };
		DEBFA9D824895C90008195E5 /* WechatnumberViewController.swift in Sources */ = {isa = PBXBuildFile; fileRef = DEBFA9D724895C90008195E5 /* WechatnumberViewController.swift */; };
		DEBFA9DA24895E3D008195E5 /* UITextField.swift in Sources */ = {isa = PBXBuildFile; fileRef = DEBFA9D924895E3D008195E5 /* UITextField.swift */; };
		DEC717982487FA8F00911DAF /* YiTouDiViewController.swift in Sources */ = {isa = PBXBuildFile; fileRef = DEC717972487FA8F00911DAF /* YiTouDiViewController.swift */; };
		DEC7179A2487FAA400911DAF /* ShouCangViewController.swift in Sources */ = {isa = PBXBuildFile; fileRef = DEC717992487FAA400911DAF /* ShouCangViewController.swift */; };
		DECC527A2480158C00AF6D5C /* WsjViewController.swift in Sources */ = {isa = PBXBuildFile; fileRef = DECC52792480158C00AF6D5C /* WsjViewController.swift */; };
		DEE151B424757E5200B456A2 /* MainViewController.swift in Sources */ = {isa = PBXBuildFile; fileRef = DEE151B324757E5200B456A2 /* MainViewController.swift */; };
		DEF312FA247A26A4005E4641 /* CollectionNormalCell.swift in Sources */ = {isa = PBXBuildFile; fileRef = DEF312F8247A26A4005E4641 /* CollectionNormalCell.swift */; };
		DEF312FB247A26A4005E4641 /* CollectionNormalCell.xib in Resources */ = {isa = PBXBuildFile; fileRef = DEF312F9247A26A4005E4641 /* CollectionNormalCell.xib */; };
		DEF312FD247A3EA4005E4641 /* UILabel.swift in Sources */ = {isa = PBXBuildFile; fileRef = DEF312FC247A3EA4005E4641 /* UILabel.swift */; };
		DEF31303247A5134005E4641 /* XiangViewController.swift in Sources */ = {isa = PBXBuildFile; fileRef = DEF31302247A5134005E4641 /* XiangViewController.swift */; };
		DEF31306247A53E4005E4641 /* CollectionXinagCell.swift in Sources */ = {isa = PBXBuildFile; fileRef = DEF31304247A53E4005E4641 /* CollectionXinagCell.swift */; };
		DEF31307247A53E4005E4641 /* CollectionXinagCell.xib in Resources */ = {isa = PBXBuildFile; fileRef = DEF31305247A53E4005E4641 /* CollectionXinagCell.xib */; };
		DEF3130B247A6BCD005E4641 /* ZingdingyiNavigationViewController.swift in Sources */ = {isa = PBXBuildFile; fileRef = DEF3130A247A6BCD005E4641 /* ZingdingyiNavigationViewController.swift */; };
		DEFFB2B32482EDDA00B907E7 /* Data.swift in Sources */ = {isa = PBXBuildFile; fileRef = DEFFB2B22482EDDA00B907E7 /* Data.swift */; };
/* End PBXBuildFile section */

/* Begin PBXContainerItemProxy section */
		DEABF2E3247432D500BDD0BE /* PBXContainerItemProxy */ = {
			isa = PBXContainerItemProxy;
			containerPortal = DEABF2C4247432D300BDD0BE /* Project object */;
			proxyType = 1;
			remoteGlobalIDString = DEABF2CB247432D300BDD0BE;
			remoteInfo = jianzhiapp;
		};
		DEABF2EE247432D500BDD0BE /* PBXContainerItemProxy */ = {
			isa = PBXContainerItemProxy;
			containerPortal = DEABF2C4247432D300BDD0BE /* Project object */;
			proxyType = 1;
			remoteGlobalIDString = DEABF2CB247432D300BDD0BE;
			remoteInfo = jianzhiapp;
		};
/* End PBXContainerItemProxy section */

/* Begin PBXFileReference section */
		04BBC57BD514A3F5B8D39A83 /* Pods-jianzhiappTests.release.xcconfig */ = {isa = PBXFileReference; includeInIndex = 1; lastKnownFileType = text.xcconfig; name = "Pods-jianzhiappTests.release.xcconfig"; path = "Target Support Files/Pods-jianzhiappTests/Pods-jianzhiappTests.release.xcconfig"; sourceTree = "<group>"; };
		3E554BAD9A1C3A1BDF9858F6 /* Pods_jianzhiapp_jianzhiappUITests.framework */ = {isa = PBXFileReference; explicitFileType = wrapper.framework; includeInIndex = 0; path = Pods_jianzhiapp_jianzhiappUITests.framework; sourceTree = BUILT_PRODUCTS_DIR; };
		87CF69CA2B517DE5E0F1890A /* Pods-jianzhiapp-jianzhiappUITests.debug.xcconfig */ = {isa = PBXFileReference; includeInIndex = 1; lastKnownFileType = text.xcconfig; name = "Pods-jianzhiapp-jianzhiappUITests.debug.xcconfig"; path = "Target Support Files/Pods-jianzhiapp-jianzhiappUITests/Pods-jianzhiapp-jianzhiappUITests.debug.xcconfig"; sourceTree = "<group>"; };
		8BC340858FF84B3042309FA7 /* Pods_jianzhiappTests.framework */ = {isa = PBXFileReference; explicitFileType = wrapper.framework; includeInIndex = 0; path = Pods_jianzhiappTests.framework; sourceTree = BUILT_PRODUCTS_DIR; };
		C85AF1DCFC695713012B43E7 /* Pods-jianzhiappTests.debug.xcconfig */ = {isa = PBXFileReference; includeInIndex = 1; lastKnownFileType = text.xcconfig; name = "Pods-jianzhiappTests.debug.xcconfig"; path = "Target Support Files/Pods-jianzhiappTests/Pods-jianzhiappTests.debug.xcconfig"; sourceTree = "<group>"; };
		DE0569862498A37C004F2D7B /* dfg.png */ = {isa = PBXFileReference; lastKnownFileType = image.png; path = dfg.png; sourceTree = "<group>"; };
		DE3280EA247C321000C3FA3E /* MeViewController.swift */ = {isa = PBXFileReference; lastKnownFileType = sourcecode.swift; path = MeViewController.swift; sourceTree = "<group>"; };
		DE3280EC247C375B00C3FA3E /* XiaoxiViewController.swift */ = {isa = PBXFileReference; lastKnownFileType = sourcecode.swift; path = XiaoxiViewController.swift; sourceTree = "<group>"; };
		DE38424B2476B6270015884F /* Live.storyboard */ = {isa = PBXFileReference; fileEncoding = 4; lastKnownFileType = file.storyboard; path = Live.storyboard; sourceTree = "<group>"; };
		DE38424D2476B6350015884F /* Home.storyboard */ = {isa = PBXFileReference; fileEncoding = 4; lastKnownFileType = file.storyboard; path = Home.storyboard; sourceTree = "<group>"; };
		DE38425D2476BD800015884F /* HomeViewController.swift */ = {isa = PBXFileReference; lastKnownFileType = sourcecode.swift; path = HomeViewController.swift; sourceTree = "<group>"; };
		DE38425F2476C4E40015884F /* UIBarButtonItem-Extension.swift */ = {isa = PBXFileReference; lastKnownFileType = sourcecode.swift; path = "UIBarButtonItem-Extension.swift"; sourceTree = "<group>"; };
		DE3842642476C9500015884F /* PageTitleView.swift */ = {isa = PBXFileReference; lastKnownFileType = sourcecode.swift; path = PageTitleView.swift; sourceTree = "<group>"; };
		DE3842662476CA310015884F /* Common.swift */ = {isa = PBXFileReference; fileEncoding = 4; lastKnownFileType = sourcecode.swift; path = Common.swift; sourceTree = "<group>"; };
		DE3842682476E0D10015884F /* UIColor-Extension.swift */ = {isa = PBXFileReference; fileEncoding = 4; lastKnownFileType = sourcecode.swift; path = "UIColor-Extension.swift"; sourceTree = "<group>"; };
		DE390C7F248D1A6200453F6F /* LICENSE */ = {isa = PBXFileReference; fileEncoding = 4; lastKnownFileType = text; path = LICENSE; sourceTree = "<group>"; };
		DE390C80248D1A6200453F6F /* README.md */ = {isa = PBXFileReference; fileEncoding = 4; lastKnownFileType = net.daringfireball.markdown; path = README.md; sourceTree = "<group>"; };
		DE390C82248D1A6200453F6F /* GTMRefreshConstant.swift */ = {isa = PBXFileReference; fileEncoding = 4; lastKnownFileType = sourcecode.swift; path = GTMRefreshConstant.swift; sourceTree = "<group>"; };
		DE390C83248D1A6200453F6F /* DefaultGTMLoadMoreFooter.swift */ = {isa = PBXFileReference; fileEncoding = 4; lastKnownFileType = sourcecode.swift; path = DefaultGTMLoadMoreFooter.swift; sourceTree = "<group>"; };
		DE390C84248D1A6200453F6F /* DefaultGTMRefreshHeader.swift */ = {isa = PBXFileReference; fileEncoding = 4; lastKnownFileType = sourcecode.swift; path = DefaultGTMRefreshHeader.swift; sourceTree = "<group>"; };
		DE390C85248D1A6200453F6F /* GTMLoadMoreFooter.swift */ = {isa = PBXFileReference; fileEncoding = 4; lastKnownFileType = sourcecode.swift; path = GTMLoadMoreFooter.swift; sourceTree = "<group>"; };
		DE390C86248D1A6200453F6F /* GTMRefreshHeader.swift */ = {isa = PBXFileReference; fileEncoding = 4; lastKnownFileType = sourcecode.swift; path = GTMRefreshHeader.swift; sourceTree = "<group>"; };
		DE390C87248D1A6200453F6F /* GTMRefreshStyle.swift */ = {isa = PBXFileReference; fileEncoding = 4; lastKnownFileType = sourcecode.swift; path = GTMRefreshStyle.swift; sourceTree = "<group>"; };
		DE390C88248D1A6200453F6F /* GTMRefreshComponent.swift */ = {isa = PBXFileReference; fileEncoding = 4; lastKnownFileType = sourcecode.swift; path = GTMRefreshComponent.swift; sourceTree = "<group>"; };
		DE390C8A248D1A6200453F6F /* arrow_down@3x.png */ = {isa = PBXFileReference; lastKnownFileType = image.png; path = "arrow_down@3x.png"; sourceTree = "<group>"; };
		DE390C8C248D1A6200453F6F /* zh-Hans */ = {isa = PBXFileReference; lastKnownFileType = text.plist.strings; name = "zh-Hans"; path = "zh-Hans.lproj/Localize.strings"; sourceTree = "<group>"; };
		DE390C8D248D1A6200453F6F /* en */ = {isa = PBXFileReference; lastKnownFileType = text.plist.strings; name = en; path = en.lproj/Localize.strings; sourceTree = "<group>"; };
		DE390C8E248D1A6200453F6F /* success@3x.png */ = {isa = PBXFileReference; lastKnownFileType = image.png; path = "success@3x.png"; sourceTree = "<group>"; };
		DE390C8F248D1A6200453F6F /* Base */ = {isa = PBXFileReference; lastKnownFileType = text.plist.strings; name = Base; path = Base.lproj/Localize.strings; sourceTree = "<group>"; };
		DE390C90248D1A6200453F6F /* failure@3x.png */ = {isa = PBXFileReference; lastKnownFileType = image.png; path = "failure@3x.png"; sourceTree = "<group>"; };
		DE390C91248D1A6200453F6F /* GTMRefreshExtension.swift */ = {isa = PBXFileReference; fileEncoding = 4; lastKnownFileType = sourcecode.swift; path = GTMRefreshExtension.swift; sourceTree = "<group>"; };
		DE390CA1248D341700453F6F /* RecomendViewModel.swift */ = {isa = PBXFileReference; lastKnownFileType = sourcecode.swift; path = RecomendViewModel.swift; sourceTree = "<group>"; };
		DE390CA3248D429500453F6F /* AnchorGroup.swift */ = {isa = PBXFileReference; lastKnownFileType = sourcecode.swift; path = AnchorGroup.swift; sourceTree = "<group>"; };
		DE390CA5248D482600453F6F /* AnchorModel.swift */ = {isa = PBXFileReference; fileEncoding = 4; lastKnownFileType = sourcecode.swift; path = AnchorModel.swift; sourceTree = "<group>"; };
		DE5460EC2481FCA900FFFC4E /* MeNavgatViewController.swift */ = {isa = PBXFileReference; lastKnownFileType = sourcecode.swift; path = MeNavgatViewController.swift; sourceTree = "<group>"; };
		DE5460F224821B9D00FFFC4E /* Follow.storyboard */ = {isa = PBXFileReference; fileEncoding = 4; lastKnownFileType = file.storyboard; path = Follow.storyboard; sourceTree = "<group>"; };
		DE5460F424821DB300FFFC4E /* CustomBtn.swift */ = {isa = PBXFileReference; lastKnownFileType = sourcecode.swift; path = CustomBtn.swift; sourceTree = "<group>"; };
		DE5460F6248239CA00FFFC4E /* Eextension.swift */ = {isa = PBXFileReference; lastKnownFileType = sourcecode.swift; path = Eextension.swift; sourceTree = "<group>"; };
		DE5460F82482A05800FFFC4E /* RegisteredViewController.swift */ = {isa = PBXFileReference; lastKnownFileType = sourcecode.swift; path = RegisteredViewController.swift; sourceTree = "<group>"; };
		DE5460F92482A05800FFFC4E /* RegisteredViewController.xib */ = {isa = PBXFileReference; lastKnownFileType = file.xib; path = RegisteredViewController.xib; sourceTree = "<group>"; };
		DE5C099024868B3B00D67DC5 /* Uiview.swift */ = {isa = PBXFileReference; lastKnownFileType = sourcecode.swift; path = Uiview.swift; sourceTree = "<group>"; };
		DE73FDF224BDF59900E9550C /* CollectionxiangqingViewCell.swift */ = {isa = PBXFileReference; lastKnownFileType = sourcecode.swift; path = CollectionxiangqingViewCell.swift; sourceTree = "<group>"; };
		DE73FDF324BDF59900E9550C /* CollectionxiangqingViewCell.xib */ = {isa = PBXFileReference; lastKnownFileType = file.xib; path = CollectionxiangqingViewCell.xib; sourceTree = "<group>"; };
		DE750896249297D5001EC6E1 /* CBToast.swift */ = {isa = PBXFileReference; lastKnownFileType = sourcecode.swift; path = CBToast.swift; sourceTree = "<group>"; };
		DE79731F248A9A99009F934C /* WuzhuangtaiViewController.swift */ = {isa = PBXFileReference; lastKnownFileType = sourcecode.swift; path = WuzhuangtaiViewController.swift; sourceTree = "<group>"; };
		DE855A09247EBC6200853502 /* CollectionMeCell.swift */ = {isa = PBXFileReference; lastKnownFileType = sourcecode.swift; path = CollectionMeCell.swift; sourceTree = "<group>"; };
		DE855A0A247EBC6200853502 /* CollectionMeCell.xib */ = {isa = PBXFileReference; lastKnownFileType = file.xib; path = CollectionMeCell.xib; sourceTree = "<group>"; };
		DE855A0D247EC41000853502 /* CollectionGRViewCell.swift */ = {isa = PBXFileReference; lastKnownFileType = sourcecode.swift; path = CollectionGRViewCell.swift; sourceTree = "<group>"; };
		DE855A0E247EC41000853502 /* CollectionGRViewCell.xib */ = {isa = PBXFileReference; lastKnownFileType = file.xib; path = CollectionGRViewCell.xib; sourceTree = "<group>"; };
		DE9003DC24B38E4600EC6E26 /* FangzhapianViewController.swift */ = {isa = PBXFileReference; lastKnownFileType = sourcecode.swift; path = FangzhapianViewController.swift; sourceTree = "<group>"; };
		DE9003DE24B392F300EC6E26 /* bg.png */ = {isa = PBXFileReference; lastKnownFileType = image.png; path = bg.png; sourceTree = "<group>"; };
		DE9003DF24B392F400EC6E26 /* icon@2x.png */ = {isa = PBXFileReference; lastKnownFileType = image.png; path = "icon@2x.png"; sourceTree = "<group>"; };
		DE9003E024B392F500EC6E26 /* logo@2x.png */ = {isa = PBXFileReference; lastKnownFileType = image.png; path = "logo@2x.png"; sourceTree = "<group>"; };
		DE999F9F2483E7000020AB1F /* CityViewController.swift */ = {isa = PBXFileReference; lastKnownFileType = sourcecode.swift; path = CityViewController.swift; sourceTree = "<group>"; };
		DE999FA72483EC870020AB1F /* CollectionCityHeaderView.swift */ = {isa = PBXFileReference; lastKnownFileType = sourcecode.swift; path = CollectionCityHeaderView.swift; sourceTree = "<group>"; };
		DE999FA82483EC870020AB1F /* CollectionCityHeaderView.xib */ = {isa = PBXFileReference; lastKnownFileType = file.xib; path = CollectionCityHeaderView.xib; sourceTree = "<group>"; };
		DE999FAB2483EF220020AB1F /* CollectionCityCell.swift */ = {isa = PBXFileReference; lastKnownFileType = sourcecode.swift; path = CollectionCityCell.swift; sourceTree = "<group>"; };
		DE999FAC2483EF220020AB1F /* CollectionCityCell.xib */ = {isa = PBXFileReference; lastKnownFileType = file.xib; path = CollectionCityCell.xib; sourceTree = "<group>"; };
		DE999FAF24840FAD0020AB1F /* CityString.swift */ = {isa = PBXFileReference; lastKnownFileType = sourcecode.swift; path = CityString.swift; sourceTree = "<group>"; };
		DE99F0DF2478162100948372 /* PageContentView.swift */ = {isa = PBXFileReference; fileEncoding = 4; lastKnownFileType = sourcecode.swift; path = PageContentView.swift; sourceTree = "<group>"; };
		DE99F0E324782A7000948372 /* RecommendViewController.swift */ = {isa = PBXFileReference; fileEncoding = 4; lastKnownFileType = sourcecode.swift; path = RecommendViewController.swift; sourceTree = "<group>"; };
		DEA4DF2C247ABEDB00A72943 /* CollectionXinagJCell.swift */ = {isa = PBXFileReference; lastKnownFileType = sourcecode.swift; path = CollectionXinagJCell.swift; sourceTree = "<group>"; };
		DEA4DF2D247ABEDB00A72943 /* CollectionXinagJCell.xib */ = {isa = PBXFileReference; lastKnownFileType = file.xib; path = CollectionXinagJCell.xib; sourceTree = "<group>"; };
		DEA4DF30247ABF0200A72943 /* CollectionXinagZWCell.swift */ = {isa = PBXFileReference; lastKnownFileType = sourcecode.swift; path = CollectionXinagZWCell.swift; sourceTree = "<group>"; };
		DEA4DF31247ABF0200A72943 /* CollectionXinagZWCell.xib */ = {isa = PBXFileReference; lastKnownFileType = file.xib; path = CollectionXinagZWCell.xib; sourceTree = "<group>"; };
		DEA6CA032480C89F00D67CA0 /* LigonViewController.swift */ = {isa = PBXFileReference; lastKnownFileType = sourcecode.swift; path = LigonViewController.swift; sourceTree = "<group>"; };
		DEA6CA042480C89F00D67CA0 /* LigonViewController.xib */ = {isa = PBXFileReference; lastKnownFileType = file.xib; path = LigonViewController.xib; sourceTree = "<group>"; };
		DEABF2CC247432D300BDD0BE /* jianzhiapp.app */ = {isa = PBXFileReference; explicitFileType = wrapper.application; includeInIndex = 0; path = jianzhiapp.app; sourceTree = BUILT_PRODUCTS_DIR; };
		DEABF2CF247432D300BDD0BE /* AppDelegate.swift */ = {isa = PBXFileReference; lastKnownFileType = sourcecode.swift; path = AppDelegate.swift; sourceTree = "<group>"; };
		DEABF2D1247432D300BDD0BE /* SceneDelegate.swift */ = {isa = PBXFileReference; lastKnownFileType = sourcecode.swift; path = SceneDelegate.swift; sourceTree = "<group>"; };
		DEABF2D3247432D300BDD0BE /* ViewController.swift */ = {isa = PBXFileReference; lastKnownFileType = sourcecode.swift; path = ViewController.swift; sourceTree = "<group>"; };
		DEABF2D6247432D300BDD0BE /* Base */ = {isa = PBXFileReference; lastKnownFileType = file.storyboard; name = Base; path = Base.lproj/Main.storyboard; sourceTree = "<group>"; };
		DEABF2D8247432D500BDD0BE /* Assets.xcassets */ = {isa = PBXFileReference; lastKnownFileType = folder.assetcatalog; path = Assets.xcassets; sourceTree = "<group>"; };
		DEABF2DB247432D500BDD0BE /* Base */ = {isa = PBXFileReference; lastKnownFileType = file.storyboard; name = Base; path = Base.lproj/LaunchScreen.storyboard; sourceTree = "<group>"; };
		DEABF2DD247432D500BDD0BE /* Info.plist */ = {isa = PBXFileReference; lastKnownFileType = text.plist.xml; path = Info.plist; sourceTree = "<group>"; };
		DEABF2E2247432D500BDD0BE /* jianzhiappTests.xctest */ = {isa = PBXFileReference; explicitFileType = wrapper.cfbundle; includeInIndex = 0; path = jianzhiappTests.xctest; sourceTree = BUILT_PRODUCTS_DIR; };
		DEABF2E6247432D500BDD0BE /* jianzhiappTests.swift */ = {isa = PBXFileReference; lastKnownFileType = sourcecode.swift; path = jianzhiappTests.swift; sourceTree = "<group>"; };
		DEABF2E8247432D500BDD0BE /* Info.plist */ = {isa = PBXFileReference; lastKnownFileType = text.plist.xml; path = Info.plist; sourceTree = "<group>"; };
		DEABF2ED247432D500BDD0BE /* jianzhiappUITests.xctest */ = {isa = PBXFileReference; explicitFileType = wrapper.cfbundle; includeInIndex = 0; path = jianzhiappUITests.xctest; sourceTree = BUILT_PRODUCTS_DIR; };
		DEABF2F1247432D500BDD0BE /* jianzhiappUITests.swift */ = {isa = PBXFileReference; lastKnownFileType = sourcecode.swift; path = jianzhiappUITests.swift; sourceTree = "<group>"; };
		DEABF2F3247432D500BDD0BE /* Info.plist */ = {isa = PBXFileReference; lastKnownFileType = text.plist.xml; path = Info.plist; sourceTree = "<group>"; };
		DEABF3182474405D00BDD0BE /* BmobSDK.framework */ = {isa = PBXFileReference; lastKnownFileType = wrapper.framework; path = BmobSDK.framework; sourceTree = "<group>"; };
		DEABF31A2474407200BDD0BE /* jianzhiapp-Bridging-Header.h */ = {isa = PBXFileReference; lastKnownFileType = sourcecode.c.h; path = "jianzhiapp-Bridging-Header.h"; sourceTree = "<group>"; };
		DEABF31E2474418000BDD0BE /* libz.1.2.5.tbd */ = {isa = PBXFileReference; lastKnownFileType = "sourcecode.text-based-dylib-definition"; name = libz.1.2.5.tbd; path = usr/lib/libz.1.2.5.tbd; sourceTree = SDKROOT; };
		DEABF3202474418E00BDD0BE /* libc++.tbd */ = {isa = PBXFileReference; lastKnownFileType = "sourcecode.text-based-dylib-definition"; name = "libc++.tbd"; path = "usr/lib/libc++.tbd"; sourceTree = SDKROOT; };
		DEABF3222474419B00BDD0BE /* libsqlite3.tbd */ = {isa = PBXFileReference; lastKnownFileType = "sourcecode.text-based-dylib-definition"; name = libsqlite3.tbd; path = usr/lib/libsqlite3.tbd; sourceTree = SDKROOT; };
		DEABF324247441AA00BDD0BE /* libicucore.tbd */ = {isa = PBXFileReference; lastKnownFileType = "sourcecode.text-based-dylib-definition"; name = libicucore.tbd; path = usr/lib/libicucore.tbd; sourceTree = SDKROOT; };
		DEABF326247441B200BDD0BE /* SystemConfiguration.framework */ = {isa = PBXFileReference; lastKnownFileType = wrapper.framework; name = SystemConfiguration.framework; path = System/Library/Frameworks/SystemConfiguration.framework; sourceTree = SDKROOT; };
		DEABF328247441C000BDD0BE /* AVFoundation.framework */ = {isa = PBXFileReference; lastKnownFileType = wrapper.framework; name = AVFoundation.framework; path = System/Library/Frameworks/AVFoundation.framework; sourceTree = SDKROOT; };
		DEABF32A247441C700BDD0BE /* Foundation.framework */ = {isa = PBXFileReference; lastKnownFileType = wrapper.framework; name = Foundation.framework; path = System/Library/Frameworks/Foundation.framework; sourceTree = SDKROOT; };
		DEABF32C247441CD00BDD0BE /* Security.framework */ = {isa = PBXFileReference; lastKnownFileType = wrapper.framework; name = Security.framework; path = System/Library/Frameworks/Security.framework; sourceTree = SDKROOT; };
		DEABF32E247441DA00BDD0BE /* CFNetwork.framework */ = {isa = PBXFileReference; lastKnownFileType = wrapper.framework; name = CFNetwork.framework; path = System/Library/Frameworks/CFNetwork.framework; sourceTree = SDKROOT; };
		DEABF330247441EE00BDD0BE /* CoreLocation.framework */ = {isa = PBXFileReference; lastKnownFileType = wrapper.framework; name = CoreLocation.framework; path = System/Library/Frameworks/CoreLocation.framework; sourceTree = SDKROOT; };
		DEABF332247441F500BDD0BE /* CoreTelephony.framework */ = {isa = PBXFileReference; lastKnownFileType = wrapper.framework; name = CoreTelephony.framework; path = System/Library/Frameworks/CoreTelephony.framework; sourceTree = SDKROOT; };
		DEABF334247441FD00BDD0BE /* CoreGraphics.framework */ = {isa = PBXFileReference; lastKnownFileType = wrapper.framework; name = CoreGraphics.framework; path = System/Library/Frameworks/CoreGraphics.framework; sourceTree = SDKROOT; };
		DEABF3362474420700BDD0BE /* MediaPlayer.framework */ = {isa = PBXFileReference; lastKnownFileType = wrapper.framework; name = MediaPlayer.framework; path = System/Library/Frameworks/MediaPlayer.framework; sourceTree = SDKROOT; };
		DEABF3382474421300BDD0BE /* MobileCoreServices.framework */ = {isa = PBXFileReference; lastKnownFileType = wrapper.framework; name = MobileCoreServices.framework; path = System/Library/Frameworks/MobileCoreServices.framework; sourceTree = SDKROOT; };
		DEABF33A2474424C00BDD0BE /* Photos.framework */ = {isa = PBXFileReference; lastKnownFileType = wrapper.framework; name = Photos.framework; path = System/Library/Frameworks/Photos.framework; sourceTree = SDKROOT; };
		DEBFA9BE24893C09008195E5 /* GuanYuWoMenViewController.swift */ = {isa = PBXFileReference; lastKnownFileType = sourcecode.swift; path = GuanYuWoMenViewController.swift; sourceTree = "<group>"; };
		DEBFA9BF24893C09008195E5 /* GuanYuWoMenViewController.xib */ = {isa = PBXFileReference; lastKnownFileType = file.xib; path = GuanYuWoMenViewController.xib; sourceTree = "<group>"; };
		DEBFA9C424893F31008195E5 /* SheZhiViewController.swift */ = {isa = PBXFileReference; lastKnownFileType = sourcecode.swift; path = SheZhiViewController.swift; sourceTree = "<group>"; };
		DEBFA9C524893F31008195E5 /* SheZhiViewController.xib */ = {isa = PBXFileReference; lastKnownFileType = file.xib; path = SheZhiViewController.xib; sourceTree = "<group>"; };
		DEBFA9C824893F4F008195E5 /* XiaoXiViewController.swift */ = {isa = PBXFileReference; lastKnownFileType = sourcecode.swift; path = XiaoXiViewController.swift; sourceTree = "<group>"; };
		DEBFA9C924893F4F008195E5 /* XiaoXiViewController.xib */ = {isa = PBXFileReference; lastKnownFileType = file.xib; path = XiaoXiViewController.xib; sourceTree = "<group>"; };
		DEBFA9CD248949D9008195E5 /* UsernameViewController.swift */ = {isa = PBXFileReference; lastKnownFileType = sourcecode.swift; path = UsernameViewController.swift; sourceTree = "<group>"; };
		DEBFA9CF248949F6008195E5 /* AdvantageViewController.swift */ = {isa = PBXFileReference; lastKnownFileType = sourcecode.swift; path = AdvantageViewController.swift; sourceTree = "<group>"; };
		DEBFA9D324894A35008195E5 /* SexViewController.swift */ = {isa = PBXFileReference; lastKnownFileType = sourcecode.swift; path = SexViewController.swift; sourceTree = "<group>"; };
		DEBFA9D724895C90008195E5 /* WechatnumberViewController.swift */ = {isa = PBXFileReference; lastKnownFileType = sourcecode.swift; path = WechatnumberViewController.swift; sourceTree = "<group>"; };
		DEBFA9D924895E3D008195E5 /* UITextField.swift */ = {isa = PBXFileReference; lastKnownFileType = sourcecode.swift; path = UITextField.swift; sourceTree = "<group>"; };
		DEC717972487FA8F00911DAF /* YiTouDiViewController.swift */ = {isa = PBXFileReference; lastKnownFileType = sourcecode.swift; path = YiTouDiViewController.swift; sourceTree = "<group>"; };
		DEC717992487FAA400911DAF /* ShouCangViewController.swift */ = {isa = PBXFileReference; lastKnownFileType = sourcecode.swift; path = ShouCangViewController.swift; sourceTree = "<group>"; };
		DECC52792480158C00AF6D5C /* WsjViewController.swift */ = {isa = PBXFileReference; lastKnownFileType = sourcecode.swift; path = WsjViewController.swift; sourceTree = "<group>"; };
		DEE151B324757E5200B456A2 /* MainViewController.swift */ = {isa = PBXFileReference; lastKnownFileType = sourcecode.swift; path = MainViewController.swift; sourceTree = "<group>"; };
		DEF312F8247A26A4005E4641 /* CollectionNormalCell.swift */ = {isa = PBXFileReference; lastKnownFileType = sourcecode.swift; path = CollectionNormalCell.swift; sourceTree = "<group>"; };
		DEF312F9247A26A4005E4641 /* CollectionNormalCell.xib */ = {isa = PBXFileReference; lastKnownFileType = file.xib; path = CollectionNormalCell.xib; sourceTree = "<group>"; };
		DEF312FC247A3EA4005E4641 /* UILabel.swift */ = {isa = PBXFileReference; lastKnownFileType = sourcecode.swift; path = UILabel.swift; sourceTree = "<group>"; };
		DEF31302247A5134005E4641 /* XiangViewController.swift */ = {isa = PBXFileReference; lastKnownFileType = sourcecode.swift; path = XiangViewController.swift; sourceTree = "<group>"; };
		DEF31304247A53E4005E4641 /* CollectionXinagCell.swift */ = {isa = PBXFileReference; lastKnownFileType = sourcecode.swift; path = CollectionXinagCell.swift; sourceTree = "<group>"; };
		DEF31305247A53E4005E4641 /* CollectionXinagCell.xib */ = {isa = PBXFileReference; lastKnownFileType = file.xib; path = CollectionXinagCell.xib; sourceTree = "<group>"; };
		DEF3130A247A6BCD005E4641 /* ZingdingyiNavigationViewController.swift */ = {isa = PBXFileReference; lastKnownFileType = sourcecode.swift; path = ZingdingyiNavigationViewController.swift; sourceTree = "<group>"; };
		DEFFB2B22482EDDA00B907E7 /* Data.swift */ = {isa = PBXFileReference; lastKnownFileType = sourcecode.swift; path = Data.swift; sourceTree = "<group>"; };
		DEFFB2B42482EFF000B907E7 /* Realm.framework */ = {isa = PBXFileReference; lastKnownFileType = wrapper.framework; name = Realm.framework; path = "../../../../../Downloads/Compressed/realm-swift-5.0.1/watchos/swift-11.5/Realm.framework"; sourceTree = "<group>"; };
		DEFFB2B52482EFF000B907E7 /* RealmSwift.framework */ = {isa = PBXFileReference; lastKnownFileType = wrapper.framework; name = RealmSwift.framework; path = "../../../../../Downloads/Compressed/realm-swift-5.0.1/watchos/swift-11.5/RealmSwift.framework"; sourceTree = "<group>"; };
		DEFFB2BC2482F0E000B907E7 /* Realm.framework */ = {isa = PBXFileReference; lastKnownFileType = wrapper.framework; path = Realm.framework; sourceTree = "<group>"; };
		EC1D78CF00FB550CCF367061 /* Pods_jianzhiapp.framework */ = {isa = PBXFileReference; explicitFileType = wrapper.framework; includeInIndex = 0; path = Pods_jianzhiapp.framework; sourceTree = BUILT_PRODUCTS_DIR; };
		EC945C0FF7EEBFBE325E6371 /* Pods-jianzhiapp.debug.xcconfig */ = {isa = PBXFileReference; includeInIndex = 1; lastKnownFileType = text.xcconfig; name = "Pods-jianzhiapp.debug.xcconfig"; path = "Target Support Files/Pods-jianzhiapp/Pods-jianzhiapp.debug.xcconfig"; sourceTree = "<group>"; };
		F49771257788AB9A81FC3423 /* Pods-jianzhiapp.release.xcconfig */ = {isa = PBXFileReference; includeInIndex = 1; lastKnownFileType = text.xcconfig; name = "Pods-jianzhiapp.release.xcconfig"; path = "Target Support Files/Pods-jianzhiapp/Pods-jianzhiapp.release.xcconfig"; sourceTree = "<group>"; };
		F7D26EE27100913560A5A6D5 /* Pods-jianzhiapp-jianzhiappUITests.release.xcconfig */ = {isa = PBXFileReference; includeInIndex = 1; lastKnownFileType = text.xcconfig; name = "Pods-jianzhiapp-jianzhiappUITests.release.xcconfig"; path = "Target Support Files/Pods-jianzhiapp-jianzhiappUITests/Pods-jianzhiapp-jianzhiappUITests.release.xcconfig"; sourceTree = "<group>"; };
/* End PBXFileReference section */

/* Begin PBXFrameworksBuildPhase section */
		DEABF2C9247432D300BDD0BE /* Frameworks */ = {
			isa = PBXFrameworksBuildPhase;
			buildActionMask = 2147483647;
			files = (
				DEABF33B2474424C00BDD0BE /* Photos.framework in Frameworks */,
				DEABF3372474420700BDD0BE /* MediaPlayer.framework in Frameworks */,
				DEABF335247441FE00BDD0BE /* CoreGraphics.framework in Frameworks */,
				DEABF333247441F500BDD0BE /* CoreTelephony.framework in Frameworks */,
				DEABF331247441EE00BDD0BE /* CoreLocation.framework in Frameworks */,
				DEABF32F247441DA00BDD0BE /* CFNetwork.framework in Frameworks */,
				DEABF32D247441CD00BDD0BE /* Security.framework in Frameworks */,
				DEABF32B247441C700BDD0BE /* Foundation.framework in Frameworks */,
				DEABF329247441C000BDD0BE /* AVFoundation.framework in Frameworks */,
				DEABF327247441B200BDD0BE /* SystemConfiguration.framework in Frameworks */,
				DEABF325247441AA00BDD0BE /* libicucore.tbd in Frameworks */,
				DEABF3232474419B00BDD0BE /* libsqlite3.tbd in Frameworks */,
				DEABF3212474418E00BDD0BE /* libc++.tbd in Frameworks */,
				DEABF31F2474418000BDD0BE /* libz.1.2.5.tbd in Frameworks */,
				DEABF3192474405D00BDD0BE /* BmobSDK.framework in Frameworks */,
				517AA5F79CF8F9F0B3B238BC /* Pods_jianzhiapp.framework in Frameworks */,
			);
			runOnlyForDeploymentPostprocessing = 0;
		};
		DEABF2DF247432D500BDD0BE /* Frameworks */ = {
			isa = PBXFrameworksBuildPhase;
			buildActionMask = 2147483647;
			files = (
				20620848E8660E7EF795D541 /* Pods_jianzhiappTests.framework in Frameworks */,
			);
			runOnlyForDeploymentPostprocessing = 0;
		};
		DEABF2EA247432D500BDD0BE /* Frameworks */ = {
			isa = PBXFrameworksBuildPhase;
			buildActionMask = 2147483647;
			files = (
				DA90E1887270FAA7DC97732A /* Pods_jianzhiapp_jianzhiappUITests.framework in Frameworks */,
			);
			runOnlyForDeploymentPostprocessing = 0;
		};
/* End PBXFrameworksBuildPhase section */

/* Begin PBXGroup section */
		8EFFE9402A6A72875C1DB8FB /* Pods */ = {
			isa = PBXGroup;
			children = (
				EC945C0FF7EEBFBE325E6371 /* Pods-jianzhiapp.debug.xcconfig */,
				F49771257788AB9A81FC3423 /* Pods-jianzhiapp.release.xcconfig */,
				87CF69CA2B517DE5E0F1890A /* Pods-jianzhiapp-jianzhiappUITests.debug.xcconfig */,
				F7D26EE27100913560A5A6D5 /* Pods-jianzhiapp-jianzhiappUITests.release.xcconfig */,
				C85AF1DCFC695713012B43E7 /* Pods-jianzhiappTests.debug.xcconfig */,
				04BBC57BD514A3F5B8D39A83 /* Pods-jianzhiappTests.release.xcconfig */,
			);
			path = Pods;
			sourceTree = "<group>";
		};
		DE3842572476BD350015884F /* Controller */ = {
			isa = PBXGroup;
			children = (
				DE38424D2476B6350015884F /* Home.storyboard */,
				DE38425D2476BD800015884F /* HomeViewController.swift */,
				DE99F0E324782A7000948372 /* RecommendViewController.swift */,
				DEF31302247A5134005E4641 /* XiangViewController.swift */,
			);
			path = Controller;
			sourceTree = "<group>";
		};
		DE3842582476BD350015884F /* Model */ = {
			isa = PBXGroup;
			children = (
				DE390CA3248D429500453F6F /* AnchorGroup.swift */,
				DE390CA5248D482600453F6F /* AnchorModel.swift */,
			);
			path = Model;
			sourceTree = "<group>";
		};
		DE3842592476BD350015884F /* View */ = {
			isa = PBXGroup;
			children = (
				DEA4DF30247ABF0200A72943 /* CollectionXinagZWCell.swift */,
				DEA4DF31247ABF0200A72943 /* CollectionXinagZWCell.xib */,
				DEA4DF2C247ABEDB00A72943 /* CollectionXinagJCell.swift */,
				DEA4DF2D247ABEDB00A72943 /* CollectionXinagJCell.xib */,
				DEF31304247A53E4005E4641 /* CollectionXinagCell.swift */,
				DE73FDF224BDF59900E9550C /* CollectionxiangqingViewCell.swift */,
				DE73FDF324BDF59900E9550C /* CollectionxiangqingViewCell.xib */,
				DEF31305247A53E4005E4641 /* CollectionXinagCell.xib */,
				DEF312F8247A26A4005E4641 /* CollectionNormalCell.swift */,
				DEF312F9247A26A4005E4641 /* CollectionNormalCell.xib */,
			);
			path = View;
			sourceTree = "<group>";
		};
		DE38425A2476BD470015884F /* Model */ = {
			isa = PBXGroup;
			children = (
			);
			path = Model;
			sourceTree = "<group>";
		};
		DE38425B2476BD470015884F /* View */ = {
			isa = PBXGroup;
			children = (
				DE855A0D247EC41000853502 /* CollectionGRViewCell.swift */,
				DE855A0E247EC41000853502 /* CollectionGRViewCell.xib */,
				DE855A09247EBC6200853502 /* CollectionMeCell.swift */,
				DE855A0A247EBC6200853502 /* CollectionMeCell.xib */,
				DE5460F82482A05800FFFC4E /* RegisteredViewController.swift */,
				DE5460F92482A05800FFFC4E /* RegisteredViewController.xib */,
				DEA6CA032480C89F00D67CA0 /* LigonViewController.swift */,
				DEA6CA042480C89F00D67CA0 /* LigonViewController.xib */,
				DEC717972487FA8F00911DAF /* YiTouDiViewController.swift */,
				DEC717992487FAA400911DAF /* ShouCangViewController.swift */,
				DEBFA9C824893F4F008195E5 /* XiaoXiViewController.swift */,
				DEBFA9C924893F4F008195E5 /* XiaoXiViewController.xib */,
				DEBFA9C424893F31008195E5 /* SheZhiViewController.swift */,
				DEBFA9C524893F31008195E5 /* SheZhiViewController.xib */,
				DE9003DC24B38E4600EC6E26 /* FangzhapianViewController.swift */,
				DEBFA9BE24893C09008195E5 /* GuanYuWoMenViewController.swift */,
				DEBFA9BF24893C09008195E5 /* GuanYuWoMenViewController.xib */,
			);
			path = View;
			sourceTree = "<group>";
		};
		DE38425C2476BD470015884F /* Controller */ = {
			isa = PBXGroup;
			children = (
				DE5460F224821B9D00FFFC4E /* Follow.storyboard */,
				DE79731F248A9A99009F934C /* WuzhuangtaiViewController.swift */,
				DE5460EC2481FCA900FFFC4E /* MeNavgatViewController.swift */,
				DE3280EA247C321000C3FA3E /* MeViewController.swift */,
			);
			path = Controller;
			sourceTree = "<group>";
		};
		DE3842612476C8F60015884F /* Model */ = {
			isa = PBXGroup;
			children = (
			);
			path = Model;
			sourceTree = "<group>";
		};
		DE3842622476C8F60015884F /* Controller */ = {
			isa = PBXGroup;
			children = (
				DEABF2D5247432D300BDD0BE /* Main.storyboard */,
				DEE151B324757E5200B456A2 /* MainViewController.swift */,
				DEF3130A247A6BCD005E4641 /* ZingdingyiNavigationViewController.swift */,
			);
			path = Controller;
			sourceTree = "<group>";
		};
		DE3842632476C8F60015884F /* View */ = {
			isa = PBXGroup;
			children = (
				DE3842642476C9500015884F /* PageTitleView.swift */,
				DE99F0DF2478162100948372 /* PageContentView.swift */,
			);
			path = View;
			sourceTree = "<group>";
		};
		DE390C7E248D1A6200453F6F /* GTMRefresh */ = {
			isa = PBXGroup;
			children = (
				DE390C7F248D1A6200453F6F /* LICENSE */,
				DE390C80248D1A6200453F6F /* README.md */,
				DE390C81248D1A6200453F6F /* GTMRefresh */,
			);
			name = GTMRefresh;
			path = Pods/GTMRefresh;
			sourceTree = SOURCE_ROOT;
		};
		DE390C81248D1A6200453F6F /* GTMRefresh */ = {
			isa = PBXGroup;
			children = (
				DE390C82248D1A6200453F6F /* GTMRefreshConstant.swift */,
				DE390C83248D1A6200453F6F /* DefaultGTMLoadMoreFooter.swift */,
				DE390C84248D1A6200453F6F /* DefaultGTMRefreshHeader.swift */,
				DE390C85248D1A6200453F6F /* GTMLoadMoreFooter.swift */,
				DE390C86248D1A6200453F6F /* GTMRefreshHeader.swift */,
				DE390C87248D1A6200453F6F /* GTMRefreshStyle.swift */,
				DE390C88248D1A6200453F6F /* GTMRefreshComponent.swift */,
				DE390C89248D1A6200453F6F /* Resource */,
				DE390C91248D1A6200453F6F /* GTMRefreshExtension.swift */,
			);
			path = GTMRefresh;
			sourceTree = "<group>";
		};
		DE390C89248D1A6200453F6F /* Resource */ = {
			isa = PBXGroup;
			children = (
				DE390C8A248D1A6200453F6F /* arrow_down@3x.png */,
				DE390C8B248D1A6200453F6F /* Localize.strings */,
				DE390C8E248D1A6200453F6F /* success@3x.png */,
				DE390C90248D1A6200453F6F /* failure@3x.png */,
			);
			path = Resource;
			sourceTree = "<group>";
		};
		DE390CA0248D33CE00453F6F /* ViewModel */ = {
			isa = PBXGroup;
			children = (
				DE390CA1248D341700453F6F /* RecomendViewModel.swift */,
			);
			path = ViewModel;
			sourceTree = "<group>";
		};
		DE75089324929248001EC6E1 /* Toast */ = {
			isa = PBXGroup;
			children = (
				DE750896249297D5001EC6E1 /* CBToast.swift */,
			);
			path = Toast;
			sourceTree = "<group>";
		};
		DE999FA32483EBFF0020AB1F /* City */ = {
			isa = PBXGroup;
			children = (
				DE999FA52483EBFF0020AB1F /* Model */,
				DE999FA62483EBFF0020AB1F /* View */,
				DE999FA42483EBFF0020AB1F /* Controller */,
			);
			path = City;
			sourceTree = "<group>";
		};
		DE999FA42483EBFF0020AB1F /* Controller */ = {
			isa = PBXGroup;
			children = (
				DE999F9F2483E7000020AB1F /* CityViewController.swift */,
			);
			path = Controller;
			sourceTree = "<group>";
		};
		DE999FA52483EBFF0020AB1F /* Model */ = {
			isa = PBXGroup;
			children = (
			);
			path = Model;
			sourceTree = "<group>";
		};
		DE999FA62483EBFF0020AB1F /* View */ = {
			isa = PBXGroup;
			children = (
				DE999FA72483EC870020AB1F /* CollectionCityHeaderView.swift */,
				DE999FA82483EC870020AB1F /* CollectionCityHeaderView.xib */,
				DE999FAB2483EF220020AB1F /* CollectionCityCell.swift */,
				DE999FAC2483EF220020AB1F /* CollectionCityCell.xib */,
			);
			path = View;
			sourceTree = "<group>";
		};
		DEABF2C3247432D300BDD0BE = {
			isa = PBXGroup;
			children = (
				DE9003DE24B392F300EC6E26 /* bg.png */,
				DE9003DF24B392F400EC6E26 /* icon@2x.png */,
				DE9003E024B392F500EC6E26 /* logo@2x.png */,
				DEFFB2BC2482F0E000B907E7 /* Realm.framework */,
				DE0569862498A37C004F2D7B /* dfg.png */,
				DEABF3182474405D00BDD0BE /* BmobSDK.framework */,
				DEABF2CE247432D300BDD0BE /* jianzhiapp */,
				DEABF2E5247432D500BDD0BE /* jianzhiappTests */,
				DEABF2F0247432D500BDD0BE /* jianzhiappUITests */,
				DEABF2CD247432D300BDD0BE /* Products */,
				DEABF31D2474418000BDD0BE /* Frameworks */,
				8EFFE9402A6A72875C1DB8FB /* Pods */,
			);
			sourceTree = "<group>";
		};
		DEABF2CD247432D300BDD0BE /* Products */ = {
			isa = PBXGroup;
			children = (
				DEABF2CC247432D300BDD0BE /* jianzhiapp.app */,
				DEABF2E2247432D500BDD0BE /* jianzhiappTests.xctest */,
				DEABF2ED247432D500BDD0BE /* jianzhiappUITests.xctest */,
			);
			name = Products;
			sourceTree = "<group>";
		};
		DEABF2CE247432D300BDD0BE /* jianzhiapp */ = {
			isa = PBXGroup;
			children = (
				DEABF2FF2474397F00BDD0BE /* Classes */,
				DEABF2CF247432D300BDD0BE /* AppDelegate.swift */,
				DEABF2D1247432D300BDD0BE /* SceneDelegate.swift */,
				DEABF2D3247432D300BDD0BE /* ViewController.swift */,
				DEABF2D8247432D500BDD0BE /* Assets.xcassets */,
				DEABF2DA247432D500BDD0BE /* LaunchScreen.storyboard */,
				DEABF2DD247432D500BDD0BE /* Info.plist */,
				DEABF31A2474407200BDD0BE /* jianzhiapp-Bridging-Header.h */,
			);
			path = jianzhiapp;
			sourceTree = "<group>";
		};
		DEABF2E5247432D500BDD0BE /* jianzhiappTests */ = {
			isa = PBXGroup;
			children = (
				DEABF2E6247432D500BDD0BE /* jianzhiappTests.swift */,
				DEABF2E8247432D500BDD0BE /* Info.plist */,
			);
			path = jianzhiappTests;
			sourceTree = "<group>";
		};
		DEABF2F0247432D500BDD0BE /* jianzhiappUITests */ = {
			isa = PBXGroup;
			children = (
				DEABF2F1247432D500BDD0BE /* jianzhiappUITests.swift */,
				DEABF2F3247432D500BDD0BE /* Info.plist */,
			);
			path = jianzhiappUITests;
			sourceTree = "<group>";
		};
		DEABF2FF2474397F00BDD0BE /* Classes */ = {
			isa = PBXGroup;
			children = (
				DE390C7E248D1A6200453F6F /* GTMRefresh */,
				DE999FA32483EBFF0020AB1F /* City */,
				DEABF3132474398000BDD0BE /* Main */,
				DEABF3002474397F00BDD0BE /* Home */,
				DEABF3092474398000BDD0BE /* Follow */,
				DEABF30E2474398000BDD0BE /* Live */,
				DEABF3052474397F00BDD0BE /* Tools */,
				DEABF3072474398000BDD0BE /* Room */,
			);
			path = Classes;
			sourceTree = SOURCE_ROOT;
		};
		DEABF3002474397F00BDD0BE /* Home */ = {
			isa = PBXGroup;
			children = (
				DE390CA0248D33CE00453F6F /* ViewModel */,
				DE3842582476BD350015884F /* Model */,
				DE3842592476BD350015884F /* View */,
				DE3842572476BD350015884F /* Controller */,
			);
			path = Home;
			sourceTree = "<group>";
		};
		DEABF3052474397F00BDD0BE /* Tools */ = {
			isa = PBXGroup;
			children = (
				DE75089324929248001EC6E1 /* Toast */,
				DE3842662476CA310015884F /* Common.swift */,
				DEABF3062474397F00BDD0BE /* Extension */,
				DEFFB2B22482EDDA00B907E7 /* Data.swift */,
			);
			path = Tools;
			sourceTree = "<group>";
		};
		DEABF3062474397F00BDD0BE /* Extension */ = {
			isa = PBXGroup;
			children = (
				DE38425F2476C4E40015884F /* UIBarButtonItem-Extension.swift */,
				DEF312FC247A3EA4005E4641 /* UILabel.swift */,
				DE5460F424821DB300FFFC4E /* CustomBtn.swift */,
				DE3842682476E0D10015884F /* UIColor-Extension.swift */,
				DE5460F6248239CA00FFFC4E /* Eextension.swift */,
				DE999FAF24840FAD0020AB1F /* CityString.swift */,
				DE5C099024868B3B00D67DC5 /* Uiview.swift */,
				DEBFA9D924895E3D008195E5 /* UITextField.swift */,
			);
			path = Extension;
			sourceTree = "<group>";
		};
		DEABF3072474398000BDD0BE /* Room */ = {
			isa = PBXGroup;
			children = (
				DEABF3082474398000BDD0BE /* Controller */,
			);
			path = Room;
			sourceTree = "<group>";
		};
		DEABF3082474398000BDD0BE /* Controller */ = {
			isa = PBXGroup;
			children = (
			);
			path = Controller;
			sourceTree = "<group>";
		};
		DEABF3092474398000BDD0BE /* Follow */ = {
			isa = PBXGroup;
			children = (
				DEBFA9CC248949B2008195E5 /* edit */,
				DE38425C2476BD470015884F /* Controller */,
				DE38425A2476BD470015884F /* Model */,
				DE38425B2476BD470015884F /* View */,
			);
			path = Follow;
			sourceTree = "<group>";
		};
		DEABF30E2474398000BDD0BE /* Live */ = {
			isa = PBXGroup;
			children = (
				DE38424B2476B6270015884F /* Live.storyboard */,
				DE3280EC247C375B00C3FA3E /* XiaoxiViewController.swift */,
				DEABF30F2474398000BDD0BE /* ViewModel */,
				DEABF3102474398000BDD0BE /* Controller */,
				DEABF3112474398000BDD0BE /* Model */,
				DEABF3122474398000BDD0BE /* View */,
			);
			path = Live;
			sourceTree = "<group>";
		};
		DEABF30F2474398000BDD0BE /* ViewModel */ = {
			isa = PBXGroup;
			children = (
			);
			path = ViewModel;
			sourceTree = "<group>";
		};
		DEABF3102474398000BDD0BE /* Controller */ = {
			isa = PBXGroup;
			children = (
				DECC52792480158C00AF6D5C /* WsjViewController.swift */,
			);
			path = Controller;
			sourceTree = "<group>";
		};
		DEABF3112474398000BDD0BE /* Model */ = {
			isa = PBXGroup;
			children = (
			);
			path = Model;
			sourceTree = "<group>";
		};
		DEABF3122474398000BDD0BE /* View */ = {
			isa = PBXGroup;
			children = (
			);
			path = View;
			sourceTree = "<group>";
		};
		DEABF3132474398000BDD0BE /* Main */ = {
			isa = PBXGroup;
			children = (
				DE3842622476C8F60015884F /* Controller */,
				DE3842612476C8F60015884F /* Model */,
				DE3842632476C8F60015884F /* View */,
			);
			path = Main;
			sourceTree = "<group>";
		};
		DEABF31D2474418000BDD0BE /* Frameworks */ = {
			isa = PBXGroup;
			children = (
				DEFFB2B42482EFF000B907E7 /* Realm.framework */,
				DEFFB2B52482EFF000B907E7 /* RealmSwift.framework */,
				DEABF33A2474424C00BDD0BE /* Photos.framework */,
				DEABF3382474421300BDD0BE /* MobileCoreServices.framework */,
				DEABF3362474420700BDD0BE /* MediaPlayer.framework */,
				DEABF334247441FD00BDD0BE /* CoreGraphics.framework */,
				DEABF332247441F500BDD0BE /* CoreTelephony.framework */,
				DEABF330247441EE00BDD0BE /* CoreLocation.framework */,
				DEABF32E247441DA00BDD0BE /* CFNetwork.framework */,
				DEABF32C247441CD00BDD0BE /* Security.framework */,
				DEABF32A247441C700BDD0BE /* Foundation.framework */,
				DEABF328247441C000BDD0BE /* AVFoundation.framework */,
				DEABF326247441B200BDD0BE /* SystemConfiguration.framework */,
				DEABF324247441AA00BDD0BE /* libicucore.tbd */,
				DEABF3222474419B00BDD0BE /* libsqlite3.tbd */,
				DEABF3202474418E00BDD0BE /* libc++.tbd */,
				DEABF31E2474418000BDD0BE /* libz.1.2.5.tbd */,
				EC1D78CF00FB550CCF367061 /* Pods_jianzhiapp.framework */,
				3E554BAD9A1C3A1BDF9858F6 /* Pods_jianzhiapp_jianzhiappUITests.framework */,
				8BC340858FF84B3042309FA7 /* Pods_jianzhiappTests.framework */,
			);
			name = Frameworks;
			sourceTree = "<group>";
		};
		DEBFA9CC248949B2008195E5 /* edit */ = {
			isa = PBXGroup;
			children = (
				DEBFA9CD248949D9008195E5 /* UsernameViewController.swift */,
				DEBFA9D724895C90008195E5 /* WechatnumberViewController.swift */,
				DEBFA9CF248949F6008195E5 /* AdvantageViewController.swift */,
				DEBFA9D324894A35008195E5 /* SexViewController.swift */,
			);
			path = edit;
			sourceTree = "<group>";
		};
/* End PBXGroup section */

/* Begin PBXNativeTarget section */
		DEABF2CB247432D300BDD0BE /* jianzhiapp */ = {
			isa = PBXNativeTarget;
			buildConfigurationList = DEABF2F6247432D500BDD0BE /* Build configuration list for PBXNativeTarget "jianzhiapp" */;
			buildPhases = (
				7704EA7AAEEEE16BDDD35431 /* [CP] Check Pods Manifest.lock */,
				DEABF2C8247432D300BDD0BE /* Sources */,
				DEABF2C9247432D300BDD0BE /* Frameworks */,
				DEABF2CA247432D300BDD0BE /* Resources */,
				7BB0677E7D4CF1AEEDC17427 /* [CP] Embed Pods Frameworks */,
			);
			buildRules = (
			);
			dependencies = (
			);
			name = jianzhiapp;
			productName = jianzhiapp;
			productReference = DEABF2CC247432D300BDD0BE /* jianzhiapp.app */;
			productType = "com.apple.product-type.application";
		};
		DEABF2E1247432D500BDD0BE /* jianzhiappTests */ = {
			isa = PBXNativeTarget;
			buildConfigurationList = DEABF2F9247432D500BDD0BE /* Build configuration list for PBXNativeTarget "jianzhiappTests" */;
			buildPhases = (
				0982FF5C5EFC5486ACA86C6E /* [CP] Check Pods Manifest.lock */,
				DEABF2DE247432D500BDD0BE /* Sources */,
				DEABF2DF247432D500BDD0BE /* Frameworks */,
				DEABF2E0247432D500BDD0BE /* Resources */,
			);
			buildRules = (
			);
			dependencies = (
				DEABF2E4247432D500BDD0BE /* PBXTargetDependency */,
			);
			name = jianzhiappTests;
			productName = jianzhiappTests;
			productReference = DEABF2E2247432D500BDD0BE /* jianzhiappTests.xctest */;
			productType = "com.apple.product-type.bundle.unit-test";
		};
		DEABF2EC247432D500BDD0BE /* jianzhiappUITests */ = {
			isa = PBXNativeTarget;
			buildConfigurationList = DEABF2FC247432D500BDD0BE /* Build configuration list for PBXNativeTarget "jianzhiappUITests" */;
			buildPhases = (
				23BAF0B87597C89A4B7A1F93 /* [CP] Check Pods Manifest.lock */,
				DEABF2E9247432D500BDD0BE /* Sources */,
				DEABF2EA247432D500BDD0BE /* Frameworks */,
				DEABF2EB247432D500BDD0BE /* Resources */,
				F82C0C3B2D97A135239786E5 /* [CP] Embed Pods Frameworks */,
			);
			buildRules = (
			);
			dependencies = (
				DEABF2EF247432D500BDD0BE /* PBXTargetDependency */,
			);
			name = jianzhiappUITests;
			productName = jianzhiappUITests;
			productReference = DEABF2ED247432D500BDD0BE /* jianzhiappUITests.xctest */;
			productType = "com.apple.product-type.bundle.ui-testing";
		};
/* End PBXNativeTarget section */

/* Begin PBXProject section */
		DEABF2C4247432D300BDD0BE /* Project object */ = {
			isa = PBXProject;
			attributes = {
				LastSwiftUpdateCheck = 1140;
				LastUpgradeCheck = 1140;
				ORGANIZATIONNAME = "殷义军";
				TargetAttributes = {
					DEABF2CB247432D300BDD0BE = {
						CreatedOnToolsVersion = 11.4.1;
						LastSwiftMigration = 1140;
					};
					DEABF2E1247432D500BDD0BE = {
						CreatedOnToolsVersion = 11.4.1;
						TestTargetID = DEABF2CB247432D300BDD0BE;
					};
					DEABF2EC247432D500BDD0BE = {
						CreatedOnToolsVersion = 11.4.1;
						TestTargetID = DEABF2CB247432D300BDD0BE;
					};
				};
			};
			buildConfigurationList = DEABF2C7247432D300BDD0BE /* Build configuration list for PBXProject "jianzhiapp" */;
			compatibilityVersion = "Xcode 9.3";
			developmentRegion = en;
			hasScannedForEncodings = 0;
			knownRegions = (
				en,
				Base,
				"zh-Hans",
			);
			mainGroup = DEABF2C3247432D300BDD0BE;
			productRefGroup = DEABF2CD247432D300BDD0BE /* Products */;
			projectDirPath = "";
			projectRoot = "";
			targets = (
				DEABF2CB247432D300BDD0BE /* jianzhiapp */,
				DEABF2E1247432D500BDD0BE /* jianzhiappTests */,
				DEABF2EC247432D500BDD0BE /* jianzhiappUITests */,
			);
		};
/* End PBXProject section */

/* Begin PBXResourcesBuildPhase section */
		DEABF2CA247432D300BDD0BE /* Resources */ = {
			isa = PBXResourcesBuildPhase;
			buildActionMask = 2147483647;
			files = (
				DEA4DF2F247ABEDB00A72943 /* CollectionXinagJCell.xib in Resources */,
				DEABF2DC247432D500BDD0BE /* LaunchScreen.storyboard in Resources */,
				DE5460FB2482A05800FFFC4E /* RegisteredViewController.xib in Resources */,
				DE390C93248D1A6200453F6F /* README.md in Resources */,
				DEA6CA062480C89F00D67CA0 /* LigonViewController.xib in Resources */,
				DE0569872498A37C004F2D7B /* dfg.png in Resources */,
				DEA4DF33247ABF0200A72943 /* CollectionXinagZWCell.xib in Resources */,
				DE855A0C247EBC6200853502 /* CollectionMeCell.xib in Resources */,
				DE390C9B248D1A6200453F6F /* arrow_down@3x.png in Resources */,
				DE38424E2476B6350015884F /* Home.storyboard in Resources */,
				DE9003E324B392F500EC6E26 /* logo@2x.png in Resources */,
				DEBFA9C124893C09008195E5 /* GuanYuWoMenViewController.xib in Resources */,
				DE855A10247EC41000853502 /* CollectionGRViewCell.xib in Resources */,
				DEF312FB247A26A4005E4641 /* CollectionNormalCell.xib in Resources */,
				DE390C9C248D1A6200453F6F /* Localize.strings in Resources */,
				DEF31307247A53E4005E4641 /* CollectionXinagCell.xib in Resources */,
				DEABF2D9247432D500BDD0BE /* Assets.xcassets in Resources */,
				DE38424C2476B6270015884F /* Live.storyboard in Resources */,
				DEBFA9C724893F31008195E5 /* SheZhiViewController.xib in Resources */,
				DE390C92248D1A6200453F6F /* LICENSE in Resources */,
				DE390C9E248D1A6200453F6F /* failure@3x.png in Resources */,
				DE9003E124B392F500EC6E26 /* bg.png in Resources */,
				DE9003E224B392F500EC6E26 /* icon@2x.png in Resources */,
				DE73FDF524BDF59900E9550C /* CollectionxiangqingViewCell.xib in Resources */,
				DEBFA9CB24893F4F008195E5 /* XiaoXiViewController.xib in Resources */,
				DE999FAE2483EF220020AB1F /* CollectionCityCell.xib in Resources */,
				DE5460F324821B9D00FFFC4E /* Follow.storyboard in Resources */,
				DE390C9D248D1A6200453F6F /* success@3x.png in Resources */,
				DEABF2D7247432D300BDD0BE /* Main.storyboard in Resources */,
				DE999FAA2483EC870020AB1F /* CollectionCityHeaderView.xib in Resources */,
			);
			runOnlyForDeploymentPostprocessing = 0;
		};
		DEABF2E0247432D500BDD0BE /* Resources */ = {
			isa = PBXResourcesBuildPhase;
			buildActionMask = 2147483647;
			files = (
			);
			runOnlyForDeploymentPostprocessing = 0;
		};
		DEABF2EB247432D500BDD0BE /* Resources */ = {
			isa = PBXResourcesBuildPhase;
			buildActionMask = 2147483647;
			files = (
			);
			runOnlyForDeploymentPostprocessing = 0;
		};
/* End PBXResourcesBuildPhase section */

/* Begin PBXShellScriptBuildPhase section */
		0982FF5C5EFC5486ACA86C6E /* [CP] Check Pods Manifest.lock */ = {
			isa = PBXShellScriptBuildPhase;
			buildActionMask = 2147483647;
			files = (
			);
			inputFileListPaths = (
			);
			inputPaths = (
				"${PODS_PODFILE_DIR_PATH}/Podfile.lock",
				"${PODS_ROOT}/Manifest.lock",
			);
			name = "[CP] Check Pods Manifest.lock";
			outputFileListPaths = (
			);
			outputPaths = (
				"$(DERIVED_FILE_DIR)/Pods-jianzhiappTests-checkManifestLockResult.txt",
			);
			runOnlyForDeploymentPostprocessing = 0;
			shellPath = /bin/sh;
			shellScript = "diff \"${PODS_PODFILE_DIR_PATH}/Podfile.lock\" \"${PODS_ROOT}/Manifest.lock\" > /dev/null\nif [ $? != 0 ] ; then\n    # print error to STDERR\n    echo \"error: The sandbox is not in sync with the Podfile.lock. Run 'pod install' or update your CocoaPods installation.\" >&2\n    exit 1\nfi\n# This output is used by Xcode 'outputs' to avoid re-running this script phase.\necho \"SUCCESS\" > \"${SCRIPT_OUTPUT_FILE_0}\"\n";
			showEnvVarsInLog = 0;
		};
		23BAF0B87597C89A4B7A1F93 /* [CP] Check Pods Manifest.lock */ = {
			isa = PBXShellScriptBuildPhase;
			buildActionMask = 2147483647;
			files = (
			);
			inputFileListPaths = (
			);
			inputPaths = (
				"${PODS_PODFILE_DIR_PATH}/Podfile.lock",
				"${PODS_ROOT}/Manifest.lock",
			);
			name = "[CP] Check Pods Manifest.lock";
			outputFileListPaths = (
			);
			outputPaths = (
				"$(DERIVED_FILE_DIR)/Pods-jianzhiapp-jianzhiappUITests-checkManifestLockResult.txt",
			);
			runOnlyForDeploymentPostprocessing = 0;
			shellPath = /bin/sh;
			shellScript = "diff \"${PODS_PODFILE_DIR_PATH}/Podfile.lock\" \"${PODS_ROOT}/Manifest.lock\" > /dev/null\nif [ $? != 0 ] ; then\n    # print error to STDERR\n    echo \"error: The sandbox is not in sync with the Podfile.lock. Run 'pod install' or update your CocoaPods installation.\" >&2\n    exit 1\nfi\n# This output is used by Xcode 'outputs' to avoid re-running this script phase.\necho \"SUCCESS\" > \"${SCRIPT_OUTPUT_FILE_0}\"\n";
			showEnvVarsInLog = 0;
		};
		7704EA7AAEEEE16BDDD35431 /* [CP] Check Pods Manifest.lock */ = {
			isa = PBXShellScriptBuildPhase;
			buildActionMask = 2147483647;
			files = (
			);
			inputFileListPaths = (
			);
			inputPaths = (
				"${PODS_PODFILE_DIR_PATH}/Podfile.lock",
				"${PODS_ROOT}/Manifest.lock",
			);
			name = "[CP] Check Pods Manifest.lock";
			outputFileListPaths = (
			);
			outputPaths = (
				"$(DERIVED_FILE_DIR)/Pods-jianzhiapp-checkManifestLockResult.txt",
			);
			runOnlyForDeploymentPostprocessing = 0;
			shellPath = /bin/sh;
			shellScript = "diff \"${PODS_PODFILE_DIR_PATH}/Podfile.lock\" \"${PODS_ROOT}/Manifest.lock\" > /dev/null\nif [ $? != 0 ] ; then\n    # print error to STDERR\n    echo \"error: The sandbox is not in sync with the Podfile.lock. Run 'pod install' or update your CocoaPods installation.\" >&2\n    exit 1\nfi\n# This output is used by Xcode 'outputs' to avoid re-running this script phase.\necho \"SUCCESS\" > \"${SCRIPT_OUTPUT_FILE_0}\"\n";
			showEnvVarsInLog = 0;
		};
		7BB0677E7D4CF1AEEDC17427 /* [CP] Embed Pods Frameworks */ = {
			isa = PBXShellScriptBuildPhase;
			buildActionMask = 2147483647;
			files = (
			);
			inputFileListPaths = (
				"${PODS_ROOT}/Target Support Files/Pods-jianzhiapp/Pods-jianzhiapp-frameworks-${CONFIGURATION}-input-files.xcfilelist",
			);
			name = "[CP] Embed Pods Frameworks";
			outputFileListPaths = (
				"${PODS_ROOT}/Target Support Files/Pods-jianzhiapp/Pods-jianzhiapp-frameworks-${CONFIGURATION}-output-files.xcfilelist",
			);
			runOnlyForDeploymentPostprocessing = 0;
			shellPath = /bin/sh;
			shellScript = "\"${PODS_ROOT}/Target Support Files/Pods-jianzhiapp/Pods-jianzhiapp-frameworks.sh\"\n";
			showEnvVarsInLog = 0;
		};
		F82C0C3B2D97A135239786E5 /* [CP] Embed Pods Frameworks */ = {
			isa = PBXShellScriptBuildPhase;
			buildActionMask = 2147483647;
			files = (
			);
			inputFileListPaths = (
				"${PODS_ROOT}/Target Support Files/Pods-jianzhiapp-jianzhiappUITests/Pods-jianzhiapp-jianzhiappUITests-frameworks-${CONFIGURATION}-input-files.xcfilelist",
			);
			name = "[CP] Embed Pods Frameworks";
			outputFileListPaths = (
				"${PODS_ROOT}/Target Support Files/Pods-jianzhiapp-jianzhiappUITests/Pods-jianzhiapp-jianzhiappUITests-frameworks-${CONFIGURATION}-output-files.xcfilelist",
			);
			runOnlyForDeploymentPostprocessing = 0;
			shellPath = /bin/sh;
			shellScript = "\"${PODS_ROOT}/Target Support Files/Pods-jianzhiapp-jianzhiappUITests/Pods-jianzhiapp-jianzhiappUITests-frameworks.sh\"\n";
			showEnvVarsInLog = 0;
		};
/* End PBXShellScriptBuildPhase section */

/* Begin PBXSourcesBuildPhase section */
		DEABF2C8247432D300BDD0BE /* Sources */ = {
			isa = PBXSourcesBuildPhase;
			buildActionMask = 2147483647;
			files = (
				DE3842672476CA310015884F /* Common.swift in Sources */,
				DEC7179A2487FAA400911DAF /* ShouCangViewController.swift in Sources */,
				DEFFB2B32482EDDA00B907E7 /* Data.swift in Sources */,
				DE390CA2248D341700453F6F /* RecomendViewModel.swift in Sources */,
				DE999FA92483EC870020AB1F /* CollectionCityHeaderView.swift in Sources */,
				DE999FAD2483EF220020AB1F /* CollectionCityCell.swift in Sources */,
				DEC717982487FA8F00911DAF /* YiTouDiViewController.swift in Sources */,
				DEF312FD247A3EA4005E4641 /* UILabel.swift in Sources */,
				DE5460FA2482A05800FFFC4E /* RegisteredViewController.swift in Sources */,
				DEBFA9CE248949D9008195E5 /* UsernameViewController.swift in Sources */,
				DE5C099124868B3B00D67DC5 /* Uiview.swift in Sources */,
				DE38425E2476BD800015884F /* HomeViewController.swift in Sources */,
				DEBFA9DA24895E3D008195E5 /* UITextField.swift in Sources */,
				DE73FDF424BDF59900E9550C /* CollectionxiangqingViewCell.swift in Sources */,
				DE797320248A9A99009F934C /* WuzhuangtaiViewController.swift in Sources */,
				DE390C96248D1A6200453F6F /* DefaultGTMRefreshHeader.swift in Sources */,
				DEBFA9D824895C90008195E5 /* WechatnumberViewController.swift in Sources */,
				DEABF2D4247432D300BDD0BE /* ViewController.swift in Sources */,
				DEBFA9D424894A35008195E5 /* SexViewController.swift in Sources */,
				DE390C98248D1A6200453F6F /* GTMRefreshHeader.swift in Sources */,
				DECC527A2480158C00AF6D5C /* WsjViewController.swift in Sources */,
				DE390C9A248D1A6200453F6F /* GTMRefreshComponent.swift in Sources */,
				DE99F0E02478162200948372 /* PageContentView.swift in Sources */,
				DE3842602476C4E40015884F /* UIBarButtonItem-Extension.swift in Sources */,
				DE390C94248D1A6200453F6F /* GTMRefreshConstant.swift in Sources */,
				DEBFA9CA24893F4F008195E5 /* XiaoXiViewController.swift in Sources */,
				DE390C9F248D1A6200453F6F /* GTMRefreshExtension.swift in Sources */,
				DE3842692476E0D10015884F /* UIColor-Extension.swift in Sources */,
				DEABF2D0247432D300BDD0BE /* AppDelegate.swift in Sources */,
				DEABF2D2247432D300BDD0BE /* SceneDelegate.swift in Sources */,
				DE390C95248D1A6200453F6F /* DefaultGTMLoadMoreFooter.swift in Sources */,
				DE5460F524821DB300FFFC4E /* CustomBtn.swift in Sources */,
				DEBFA9D0248949F6008195E5 /* AdvantageViewController.swift in Sources */,
				DE999FB024840FAD0020AB1F /* CityString.swift in Sources */,
				DEA6CA052480C89F00D67CA0 /* LigonViewController.swift in Sources */,
				DE3280EB247C321000C3FA3E /* MeViewController.swift in Sources */,
				DEE151B424757E5200B456A2 /* MainViewController.swift in Sources */,
				DEBFA9C624893F31008195E5 /* SheZhiViewController.swift in Sources */,
				DEBFA9C024893C09008195E5 /* GuanYuWoMenViewController.swift in Sources */,
				DE390C97248D1A6200453F6F /* GTMLoadMoreFooter.swift in Sources */,
				DEF31303247A5134005E4641 /* XiangViewController.swift in Sources */,
				DE390CA6248D482600453F6F /* AnchorModel.swift in Sources */,
				DE3842652476C9510015884F /* PageTitleView.swift in Sources */,
				DE5460F7248239CA00FFFC4E /* Eextension.swift in Sources */,
				DEA4DF2E247ABEDB00A72943 /* CollectionXinagJCell.swift in Sources */,
				DE390C99248D1A6200453F6F /* GTMRefreshStyle.swift in Sources */,
				DE999FA02483E7000020AB1F /* CityViewController.swift in Sources */,
				DE5460ED2481FCA900FFFC4E /* MeNavgatViewController.swift in Sources */,
				DE750897249297D5001EC6E1 /* CBToast.swift in Sources */,
				DE9003DD24B38E4600EC6E26 /* FangzhapianViewController.swift in Sources */,
				DEF312FA247A26A4005E4641 /* CollectionNormalCell.swift in Sources */,
				DE855A0F247EC41000853502 /* CollectionGRViewCell.swift in Sources */,
				DEA4DF32247ABF0200A72943 /* CollectionXinagZWCell.swift in Sources */,
				DE3280ED247C375B00C3FA3E /* XiaoxiViewController.swift in Sources */,
				DE99F0E424782A7000948372 /* RecommendViewController.swift in Sources */,
				DE390CA4248D429500453F6F /* AnchorGroup.swift in Sources */,
				DE855A0B247EBC6200853502 /* CollectionMeCell.swift in Sources */,
				DEF3130B247A6BCD005E4641 /* ZingdingyiNavigationViewController.swift in Sources */,
				DEF31306247A53E4005E4641 /* CollectionXinagCell.swift in Sources */,
			);
			runOnlyForDeploymentPostprocessing = 0;
		};
		DEABF2DE247432D500BDD0BE /* Sources */ = {
			isa = PBXSourcesBuildPhase;
			buildActionMask = 2147483647;
			files = (
				DEABF2E7247432D500BDD0BE /* jianzhiappTests.swift in Sources */,
			);
			runOnlyForDeploymentPostprocessing = 0;
		};
		DEABF2E9247432D500BDD0BE /* Sources */ = {
			isa = PBXSourcesBuildPhase;
			buildActionMask = 2147483647;
			files = (
				DEABF2F2247432D500BDD0BE /* jianzhiappUITests.swift in Sources */,
			);
			runOnlyForDeploymentPostprocessing = 0;
		};
/* End PBXSourcesBuildPhase section */

/* Begin PBXTargetDependency section */
		DEABF2E4247432D500BDD0BE /* PBXTargetDependency */ = {
			isa = PBXTargetDependency;
			target = DEABF2CB247432D300BDD0BE /* jianzhiapp */;
			targetProxy = DEABF2E3247432D500BDD0BE /* PBXContainerItemProxy */;
		};
		DEABF2EF247432D500BDD0BE /* PBXTargetDependency */ = {
			isa = PBXTargetDependency;
			target = DEABF2CB247432D300BDD0BE /* jianzhiapp */;
			targetProxy = DEABF2EE247432D500BDD0BE /* PBXContainerItemProxy */;
		};
/* End PBXTargetDependency section */

/* Begin PBXVariantGroup section */
		DE390C8B248D1A6200453F6F /* Localize.strings */ = {
			isa = PBXVariantGroup;
			children = (
				DE390C8C248D1A6200453F6F /* zh-Hans */,
				DE390C8D248D1A6200453F6F /* en */,
				DE390C8F248D1A6200453F6F /* Base */,
			);
			name = Localize.strings;
			sourceTree = "<group>";
		};
		DEABF2D5247432D300BDD0BE /* Main.storyboard */ = {
			isa = PBXVariantGroup;
			children = (
				DEABF2D6247432D300BDD0BE /* Base */,
			);
			name = Main.storyboard;
			sourceTree = "<group>";
		};
		DEABF2DA247432D500BDD0BE /* LaunchScreen.storyboard */ = {
			isa = PBXVariantGroup;
			children = (
				DEABF2DB247432D500BDD0BE /* Base */,
			);
			name = LaunchScreen.storyboard;
			sourceTree = "<group>";
		};
/* End PBXVariantGroup section */

/* Begin XCBuildConfiguration section */
		DEABF2F4247432D500BDD0BE /* Debug */ = {
			isa = XCBuildConfiguration;
			buildSettings = {
				ALWAYS_SEARCH_USER_PATHS = NO;
				CLANG_ANALYZER_NONNULL = YES;
				CLANG_ANALYZER_NUMBER_OBJECT_CONVERSION = YES_AGGRESSIVE;
				CLANG_CXX_LANGUAGE_STANDARD = "gnu++14";
				CLANG_CXX_LIBRARY = "libc++";
				CLANG_ENABLE_MODULES = YES;
				CLANG_ENABLE_OBJC_ARC = YES;
				CLANG_ENABLE_OBJC_WEAK = YES;
				CLANG_WARN_BLOCK_CAPTURE_AUTORELEASING = YES;
				CLANG_WARN_BOOL_CONVERSION = YES;
				CLANG_WARN_COMMA = YES;
				CLANG_WARN_CONSTANT_CONVERSION = YES;
				CLANG_WARN_DEPRECATED_OBJC_IMPLEMENTATIONS = YES;
				CLANG_WARN_DIRECT_OBJC_ISA_USAGE = YES_ERROR;
				CLANG_WARN_DOCUMENTATION_COMMENTS = YES;
				CLANG_WARN_EMPTY_BODY = YES;
				CLANG_WARN_ENUM_CONVERSION = YES;
				CLANG_WARN_INFINITE_RECURSION = YES;
				CLANG_WARN_INT_CONVERSION = YES;
				CLANG_WARN_NON_LITERAL_NULL_CONVERSION = YES;
				CLANG_WARN_OBJC_IMPLICIT_RETAIN_SELF = YES;
				CLANG_WARN_OBJC_LITERAL_CONVERSION = YES;
				CLANG_WARN_OBJC_ROOT_CLASS = YES_ERROR;
				CLANG_WARN_RANGE_LOOP_ANALYSIS = YES;
				CLANG_WARN_STRICT_PROTOTYPES = YES;
				CLANG_WARN_SUSPICIOUS_MOVE = YES;
				CLANG_WARN_UNGUARDED_AVAILABILITY = YES_AGGRESSIVE;
				CLANG_WARN_UNREACHABLE_CODE = YES;
				CLANG_WARN__DUPLICATE_METHOD_MATCH = YES;
				COPY_PHASE_STRIP = NO;
				DEBUG_INFORMATION_FORMAT = dwarf;
				ENABLE_STRICT_OBJC_MSGSEND = YES;
				ENABLE_TESTABILITY = YES;
				GCC_C_LANGUAGE_STANDARD = gnu11;
				GCC_DYNAMIC_NO_PIC = NO;
				GCC_NO_COMMON_BLOCKS = YES;
				GCC_OPTIMIZATION_LEVEL = 0;
				GCC_PREPROCESSOR_DEFINITIONS = (
					"DEBUG=1",
					"$(inherited)",
				);
				GCC_WARN_64_TO_32_BIT_CONVERSION = YES;
				GCC_WARN_ABOUT_RETURN_TYPE = YES_ERROR;
				GCC_WARN_UNDECLARED_SELECTOR = YES;
				GCC_WARN_UNINITIALIZED_AUTOS = YES_AGGRESSIVE;
				GCC_WARN_UNUSED_FUNCTION = YES;
				GCC_WARN_UNUSED_VARIABLE = YES;
				IPHONEOS_DEPLOYMENT_TARGET = 13.1;
				MTL_ENABLE_DEBUG_INFO = INCLUDE_SOURCE;
				MTL_FAST_MATH = YES;
				ONLY_ACTIVE_ARCH = YES;
				SDKROOT = iphoneos;
				SWIFT_ACTIVE_COMPILATION_CONDITIONS = DEBUG;
				SWIFT_OPTIMIZATION_LEVEL = "-Onone";
			};
			name = Debug;
		};
		DEABF2F5247432D500BDD0BE /* Release */ = {
			isa = XCBuildConfiguration;
			buildSettings = {
				ALWAYS_SEARCH_USER_PATHS = NO;
				CLANG_ANALYZER_NONNULL = YES;
				CLANG_ANALYZER_NUMBER_OBJECT_CONVERSION = YES_AGGRESSIVE;
				CLANG_CXX_LANGUAGE_STANDARD = "gnu++14";
				CLANG_CXX_LIBRARY = "libc++";
				CLANG_ENABLE_MODULES = YES;
				CLANG_ENABLE_OBJC_ARC = YES;
				CLANG_ENABLE_OBJC_WEAK = YES;
				CLANG_WARN_BLOCK_CAPTURE_AUTORELEASING = YES;
				CLANG_WARN_BOOL_CONVERSION = YES;
				CLANG_WARN_COMMA = YES;
				CLANG_WARN_CONSTANT_CONVERSION = YES;
				CLANG_WARN_DEPRECATED_OBJC_IMPLEMENTATIONS = YES;
				CLANG_WARN_DIRECT_OBJC_ISA_USAGE = YES_ERROR;
				CLANG_WARN_DOCUMENTATION_COMMENTS = YES;
				CLANG_WARN_EMPTY_BODY = YES;
				CLANG_WARN_ENUM_CONVERSION = YES;
				CLANG_WARN_INFINITE_RECURSION = YES;
				CLANG_WARN_INT_CONVERSION = YES;
				CLANG_WARN_NON_LITERAL_NULL_CONVERSION = YES;
				CLANG_WARN_OBJC_IMPLICIT_RETAIN_SELF = YES;
				CLANG_WARN_OBJC_LITERAL_CONVERSION = YES;
				CLANG_WARN_OBJC_ROOT_CLASS = YES_ERROR;
				CLANG_WARN_RANGE_LOOP_ANALYSIS = YES;
				CLANG_WARN_STRICT_PROTOTYPES = YES;
				CLANG_WARN_SUSPICIOUS_MOVE = YES;
				CLANG_WARN_UNGUARDED_AVAILABILITY = YES_AGGRESSIVE;
				CLANG_WARN_UNREACHABLE_CODE = YES;
				CLANG_WARN__DUPLICATE_METHOD_MATCH = YES;
				COPY_PHASE_STRIP = NO;
				DEBUG_INFORMATION_FORMAT = "dwarf-with-dsym";
				ENABLE_NS_ASSERTIONS = NO;
				ENABLE_STRICT_OBJC_MSGSEND = YES;
				GCC_C_LANGUAGE_STANDARD = gnu11;
				GCC_NO_COMMON_BLOCKS = YES;
				GCC_WARN_64_TO_32_BIT_CONVERSION = YES;
				GCC_WARN_ABOUT_RETURN_TYPE = YES_ERROR;
				GCC_WARN_UNDECLARED_SELECTOR = YES;
				GCC_WARN_UNINITIALIZED_AUTOS = YES_AGGRESSIVE;
				GCC_WARN_UNUSED_FUNCTION = YES;
				GCC_WARN_UNUSED_VARIABLE = YES;
				IPHONEOS_DEPLOYMENT_TARGET = 13.1;
				MTL_ENABLE_DEBUG_INFO = NO;
				MTL_FAST_MATH = YES;
				SDKROOT = iphoneos;
				SWIFT_COMPILATION_MODE = wholemodule;
				SWIFT_OPTIMIZATION_LEVEL = "-O";
				VALIDATE_PRODUCT = YES;
			};
			name = Release;
		};
		DEABF2F7247432D500BDD0BE /* Debug */ = {
			isa = XCBuildConfiguration;
			baseConfigurationReference = EC945C0FF7EEBFBE325E6371 /* Pods-jianzhiapp.debug.xcconfig */;
			buildSettings = {
				ASSETCATALOG_COMPILER_APPICON_NAME = AppIcon;
				CLANG_ENABLE_MODULES = YES;
				CODE_SIGN_STYLE = Automatic;
				DEVELOPMENT_TEAM = 92MSKJL2GR;
				FRAMEWORK_SEARCH_PATHS = (
					"$(inherited)",
					"$(PROJECT_DIR)",
				);
				INFOPLIST_FILE = jianzhiapp/Info.plist;
				IPHONEOS_DEPLOYMENT_TARGET = 13.1;
				LD_RUNPATH_SEARCH_PATHS = (
					"$(inherited)",
					"@executable_path/Frameworks",
				);
				PRODUCT_BUNDLE_IDENTIFIER = com.ceshi.jianzhiapp;
				PRODUCT_NAME = "$(TARGET_NAME)";
				SWIFT_OBJC_BRIDGING_HEADER = "jianzhiapp/jianzhiapp-Bridging-Header.h";
				SWIFT_OPTIMIZATION_LEVEL = "-Onone";
				SWIFT_VERSION = 5.0;
				TARGETED_DEVICE_FAMILY = "1,2";
			};
			name = Debug;
		};
		DEABF2F8247432D500BDD0BE /* Release */ = {
			isa = XCBuildConfiguration;
			baseConfigurationReference = F49771257788AB9A81FC3423 /* Pods-jianzhiapp.release.xcconfig */;
			buildSettings = {
				ASSETCATALOG_COMPILER_APPICON_NAME = AppIcon;
				CLANG_ENABLE_MODULES = YES;
				CODE_SIGN_STYLE = Automatic;
				DEVELOPMENT_TEAM = 92MSKJL2GR;
				FRAMEWORK_SEARCH_PATHS = (
					"$(inherited)",
					"$(PROJECT_DIR)",
				);
				INFOPLIST_FILE = jianzhiapp/Info.plist;
				IPHONEOS_DEPLOYMENT_TARGET = 13.1;
				LD_RUNPATH_SEARCH_PATHS = (
					"$(inherited)",
					"@executable_path/Frameworks",
				);
				PRODUCT_BUNDLE_IDENTIFIER = com.ceshi.jianzhiapp;
				PRODUCT_NAME = "$(TARGET_NAME)";
				SWIFT_OBJC_BRIDGING_HEADER = "jianzhiapp/jianzhiapp-Bridging-Header.h";
				SWIFT_VERSION = 5.0;
				TARGETED_DEVICE_FAMILY = "1,2";
			};
			name = Release;
		};
		DEABF2FA247432D500BDD0BE /* Debug */ = {
			isa = XCBuildConfiguration;
			baseConfigurationReference = C85AF1DCFC695713012B43E7 /* Pods-jianzhiappTests.debug.xcconfig */;
			buildSettings = {
				ALWAYS_EMBED_SWIFT_STANDARD_LIBRARIES = YES;
				BUNDLE_LOADER = "$(TEST_HOST)";
				CODE_SIGN_STYLE = Automatic;
				DEVELOPMENT_TEAM = CNG22JY58S;
				INFOPLIST_FILE = jianzhiappTests/Info.plist;
				IPHONEOS_DEPLOYMENT_TARGET = 13.4;
				LD_RUNPATH_SEARCH_PATHS = (
					"$(inherited)",
					"@executable_path/Frameworks",
					"@loader_path/Frameworks",
				);
				PRODUCT_BUNDLE_IDENTIFIER = com.ceshi.jianzhiappTests;
				PRODUCT_NAME = "$(TARGET_NAME)";
				SWIFT_VERSION = 5.0;
				TARGETED_DEVICE_FAMILY = "1,2";
				TEST_HOST = "$(BUILT_PRODUCTS_DIR)/jianzhiapp.app/jianzhiapp";
			};
			name = Debug;
		};
		DEABF2FB247432D500BDD0BE /* Release */ = {
			isa = XCBuildConfiguration;
			baseConfigurationReference = 04BBC57BD514A3F5B8D39A83 /* Pods-jianzhiappTests.release.xcconfig */;
			buildSettings = {
				ALWAYS_EMBED_SWIFT_STANDARD_LIBRARIES = YES;
				BUNDLE_LOADER = "$(TEST_HOST)";
				CODE_SIGN_STYLE = Automatic;
				DEVELOPMENT_TEAM = CNG22JY58S;
				INFOPLIST_FILE = jianzhiappTests/Info.plist;
				IPHONEOS_DEPLOYMENT_TARGET = 13.4;
				LD_RUNPATH_SEARCH_PATHS = (
					"$(inherited)",
					"@executable_path/Frameworks",
					"@loader_path/Frameworks",
				);
				PRODUCT_BUNDLE_IDENTIFIER = com.ceshi.jianzhiappTests;
				PRODUCT_NAME = "$(TARGET_NAME)";
				SWIFT_VERSION = 5.0;
				TARGETED_DEVICE_FAMILY = "1,2";
				TEST_HOST = "$(BUILT_PRODUCTS_DIR)/jianzhiapp.app/jianzhiapp";
			};
			name = Release;
		};
		DEABF2FD247432D500BDD0BE /* Debug */ = {
			isa = XCBuildConfiguration;
			baseConfigurationReference = 87CF69CA2B517DE5E0F1890A /* Pods-jianzhiapp-jianzhiappUITests.debug.xcconfig */;
			buildSettings = {
				ALWAYS_EMBED_SWIFT_STANDARD_LIBRARIES = YES;
				CODE_SIGN_STYLE = Automatic;
				DEVELOPMENT_TEAM = CNG22JY58S;
				INFOPLIST_FILE = jianzhiappUITests/Info.plist;
				LD_RUNPATH_SEARCH_PATHS = (
					"$(inherited)",
					"@executable_path/Frameworks",
					"@loader_path/Frameworks",
				);
				PRODUCT_BUNDLE_IDENTIFIER = com.ceshi.jianzhiappUITests;
				PRODUCT_NAME = "$(TARGET_NAME)";
				SWIFT_VERSION = 5.0;
				TARGETED_DEVICE_FAMILY = "1,2";
				TEST_TARGET_NAME = jianzhiapp;
			};
			name = Debug;
		};
		DEABF2FE247432D500BDD0BE /* Release */ = {
			isa = XCBuildConfiguration;
			baseConfigurationReference = F7D26EE27100913560A5A6D5 /* Pods-jianzhiapp-jianzhiappUITests.release.xcconfig */;
			buildSettings = {
				ALWAYS_EMBED_SWIFT_STANDARD_LIBRARIES = YES;
				CODE_SIGN_STYLE = Automatic;
				DEVELOPMENT_TEAM = CNG22JY58S;
				INFOPLIST_FILE = jianzhiappUITests/Info.plist;
				LD_RUNPATH_SEARCH_PATHS = (
					"$(inherited)",
					"@executable_path/Frameworks",
					"@loader_path/Frameworks",
				);
				PRODUCT_BUNDLE_IDENTIFIER = com.ceshi.jianzhiappUITests;
				PRODUCT_NAME = "$(TARGET_NAME)";
				SWIFT_VERSION = 5.0;
				TARGETED_DEVICE_FAMILY = "1,2";
				TEST_TARGET_NAME = jianzhiapp;
			};
			name = Release;
		};
/* End XCBuildConfiguration section */

/* Begin XCConfigurationList section */
		DEABF2C7247432D300BDD0BE /* Build configuration list for PBXProject "jianzhiapp" */ = {
			isa = XCConfigurationList;
			buildConfigurations = (
				DEABF2F4247432D500BDD0BE /* Debug */,
				DEABF2F5247432D500BDD0BE /* Release */,
			);
			defaultConfigurationIsVisible = 0;
			defaultConfigurationName = Release;
		};
		DEABF2F6247432D500BDD0BE /* Build configuration list for PBXNativeTarget "jianzhiapp" */ = {
			isa = XCConfigurationList;
			buildConfigurations = (
				DEABF2F7247432D500BDD0BE /* Debug */,
				DEABF2F8247432D500BDD0BE /* Release */,
			);
			defaultConfigurationIsVisible = 0;
			defaultConfigurationName = Release;
		};
		DEABF2F9247432D500BDD0BE /* Build configuration list for PBXNativeTarget "jianzhiappTests" */ = {
			isa = XCConfigurationList;
			buildConfigurations = (
				DEABF2FA247432D500BDD0BE /* Debug */,
				DEABF2FB247432D500BDD0BE /* Release */,
			);
			defaultConfigurationIsVisible = 0;
			defaultConfigurationName = Release;
		};
		DEABF2FC247432D500BDD0BE /* Build configuration list for PBXNativeTarget "jianzhiappUITests" */ = {
			isa = XCConfigurationList;
			buildConfigurations = (
				DEABF2FD247432D500BDD0BE /* Debug */,
				DEABF2FE247432D500BDD0BE /* Release */,
			);
			defaultConfigurationIsVisible = 0;
			defaultConfigurationName = Release;
		};
/* End XCConfigurationList section */
	};
	rootObject = DEABF2C4247432D300BDD0BE /* Project object */;
}
